
Microsoft Visual Studio Solution File, Format Version 12.00
# Visual Studio Version 17
VisualStudioVersion = 17.0.32126.317
MinimumVisualStudioVersion = 10.0.40219.1
Project("{D954291E-2A0B-460D-934E-DC6B0785DB48}") = "P42.Uno.HardwareKeys.Demo.Shared", "P42.Uno.HardwareKeys.Demo\P42.Uno.HardwareKeys.Demo.Shared\P42.Uno.HardwareKeys.Demo.Shared.shproj", "{6279C845-92F8-4333-AB99-3D213163593C}"
EndProject
Project("{2150E333-8FDC-42A3-9474-1A3956D46DE8}") = "Platforms", "Platforms", "{9511CCB0-FB97-4EF3-8BCA-CF6041D8839B}"
EndProject
Project("{FAE04EC0-301F-11D3-BF4B-00C04F79EFBC}") = "P42.Uno.HardwareKeys.Demo.Droid", "P42.Uno.HardwareKeys.Demo\P42.Uno.HardwareKeys.Demo.Droid\P42.Uno.HardwareKeys.Demo.Droid.csproj", "{D4B857BD-D602-477B-B673-069B624939B6}"
EndProject
Project("{FAE04EC0-301F-11D3-BF4B-00C04F79EFBC}") = "P42.Uno.HardwareKeys.Demo.iOS", "P42.Uno.HardwareKeys.Demo\P42.Uno.HardwareKeys.Demo.iOS\P42.Uno.HardwareKeys.Demo.iOS.csproj", "{798A638C-672B-463B-A6B2-B4A8AF5340BA}"
EndProject
Project("{FAE04EC0-301F-11D3-BF4B-00C04F79EFBC}") = "P42.Uno.HardwareKeys.Demo.UWP", "P42.Uno.HardwareKeys.Demo\P42.Uno.HardwareKeys.Demo.UWP\P42.Uno.HardwareKeys.Demo.UWP.csproj", "{412006BE-CA17-4182-A765-E771A8D71E50}"
EndProject
Project("{9A19103F-16F7-4668-BE54-9A1E7A4F7556}") = "P42.Uno.HardwareKeys.Demo.Wasm", "P42.Uno.HardwareKeys.Demo\P42.Uno.HardwareKeys.Demo.Wasm\P42.Uno.HardwareKeys.Demo.Wasm.csproj", "{E689AC9B-CF38-4E01-83A9-9C720C765881}"
EndProject
Project("{FAE04EC0-301F-11D3-BF4B-00C04F79EFBC}") = "P42.Uno.HardwareKeys.Demo.macOS", "P42.Uno.HardwareKeys.Demo\P42.Uno.HardwareKeys.Demo.macOS\P42.Uno.HardwareKeys.Demo.macOS.csproj", "{AA2C5DA1-A8E8-4779-971C-DF275750AC35}"
EndProject
Project("{9A19103F-16F7-4668-BE54-9A1E7A4F7556}") = "P42.Uno.HardwareKeys.Demo.Skia.Wpf.Host", "P42.Uno.HardwareKeys.Demo\P42.Uno.HardwareKeys.Demo.Skia.Wpf.Host\P42.Uno.HardwareKeys.Demo.Skia.Wpf.Host.csproj", "{55BFA0B0-09B5-4394-B37C-C74D35400560}"
EndProject
Project("{9A19103F-16F7-4668-BE54-9A1E7A4F7556}") = "P42.Uno.HardwareKeys.Demo.Skia.Wpf", "P42.Uno.HardwareKeys.Demo\P42.Uno.HardwareKeys.Demo.Skia.Wpf\P42.Uno.HardwareKeys.Demo.Skia.Wpf.csproj", "{0C89DF43-7BD2-406E-BA71-ABEE801FBC56}"
EndProject
Project("{9A19103F-16F7-4668-BE54-9A1E7A4F7556}") = "P42.Uno.HardwareKeys.Demo.Skia.Gtk", "P42.Uno.HardwareKeys.Demo\P42.Uno.HardwareKeys.Demo.Skia.Gtk\P42.Uno.HardwareKeys.Demo.Skia.Gtk.csproj", "{26159237-C5DD-4774-AAE7-2F37D3BEEAC4}"
EndProject
Project("{9A19103F-16F7-4668-BE54-9A1E7A4F7556}") = "P42.Uno.HardwareKeys.Demo.Skia.Tizen", "P42.Uno.HardwareKeys.Demo\P42.Uno.HardwareKeys.Demo.Skia.Tizen\P42.Uno.HardwareKeys.Demo.Skia.Tizen.csproj", "{BE67216F-F3FF-4229-AACA-C0495E0A8CA5}"
EndProject
Project("{9A19103F-16F7-4668-BE54-9A1E7A4F7556}") = "P42.Uno.HardwareKeys", "P42.Uno.HardwareKeys\P42.Uno.HardwareKeys.csproj", "{465C630A-FF10-49CC-BE62-6B46FA692BEA}"
EndProject
Global
	GlobalSection(SharedMSBuildProjectFiles) = preSolution
		P42.Uno.HardwareKeys.Demo\P42.Uno.HardwareKeys.Demo.Shared\P42.Uno.HardwareKeys.Demo.Shared.projitems*{0c89df43-7bd2-406e-ba71-abee801fbc56}*SharedItemsImports = 5
		P42.Uno.HardwareKeys.Demo\P42.Uno.HardwareKeys.Demo.Shared\P42.Uno.HardwareKeys.Demo.Shared.projitems*{26159237-c5dd-4774-aae7-2f37d3beeac4}*SharedItemsImports = 5
		P42.Uno.HardwareKeys.Demo\P42.Uno.HardwareKeys.Demo.Shared\P42.Uno.HardwareKeys.Demo.Shared.projitems*{412006be-ca17-4182-a765-e771a8d71e50}*SharedItemsImports = 4
		P42.Uno.HardwareKeys.Demo\P42.Uno.HardwareKeys.Demo.Shared\P42.Uno.HardwareKeys.Demo.Shared.projitems*{6279c845-92f8-4333-ab99-3d213163593c}*SharedItemsImports = 13
		P42.Uno.HardwareKeys.Demo\P42.Uno.HardwareKeys.Demo.Shared\P42.Uno.HardwareKeys.Demo.Shared.projitems*{798a638c-672b-463b-a6b2-b4a8af5340ba}*SharedItemsImports = 4
		P42.Uno.HardwareKeys.Demo\P42.Uno.HardwareKeys.Demo.Shared\P42.Uno.HardwareKeys.Demo.Shared.projitems*{aa2c5da1-a8e8-4779-971c-df275750ac35}*SharedItemsImports = 4
		P42.Uno.HardwareKeys.Demo\P42.Uno.HardwareKeys.Demo.Shared\P42.Uno.HardwareKeys.Demo.Shared.projitems*{be67216f-f3ff-4229-aaca-c0495e0a8ca5}*SharedItemsImports = 5
		P42.Uno.HardwareKeys.Demo\P42.Uno.HardwareKeys.Demo.Shared\P42.Uno.HardwareKeys.Demo.Shared.projitems*{d4b857bd-d602-477b-b673-069b624939b6}*SharedItemsImports = 4
		P42.Uno.HardwareKeys.Demo\P42.Uno.HardwareKeys.Demo.Shared\P42.Uno.HardwareKeys.Demo.Shared.projitems*{e689ac9b-cf38-4e01-83a9-9c720c765881}*SharedItemsImports = 5
	EndGlobalSection
	GlobalSection(SolutionConfigurationPlatforms) = preSolution
		Ad-Hoc|Any CPU = Ad-Hoc|Any CPU
		Ad-Hoc|ARM = Ad-Hoc|ARM
		Ad-Hoc|ARM64 = Ad-Hoc|ARM64
		Ad-Hoc|iPhone = Ad-Hoc|iPhone
		Ad-Hoc|iPhoneSimulator = Ad-Hoc|iPhoneSimulator
		Ad-Hoc|x64 = Ad-Hoc|x64
		Ad-Hoc|x86 = Ad-Hoc|x86
		AppStore|Any CPU = AppStore|Any CPU
		AppStore|ARM = AppStore|ARM
		AppStore|ARM64 = AppStore|ARM64
		AppStore|iPhone = AppStore|iPhone
		AppStore|iPhoneSimulator = AppStore|iPhoneSimulator
		AppStore|x64 = AppStore|x64
		AppStore|x86 = AppStore|x86
		Debug|Any CPU = Debug|Any CPU
		Debug|ARM = Debug|ARM
		Debug|ARM64 = Debug|ARM64
		Debug|iPhone = Debug|iPhone
		Debug|iPhoneSimulator = Debug|iPhoneSimulator
		Debug|x64 = Debug|x64
		Debug|x86 = Debug|x86
		Release|Any CPU = Release|Any CPU
		Release|ARM = Release|ARM
		Release|ARM64 = Release|ARM64
		Release|iPhone = Release|iPhone
		Release|iPhoneSimulator = Release|iPhoneSimulator
		Release|x64 = Release|x64
		Release|x86 = Release|x86
	EndGlobalSection
	GlobalSection(ProjectConfigurationPlatforms) = postSolution
		{D4B857BD-D602-477B-B673-069B624939B6}.Ad-Hoc|Any CPU.ActiveCfg = Debug|Any CPU
		{D4B857BD-D602-477B-B673-069B624939B6}.Ad-Hoc|Any CPU.Build.0 = Debug|Any CPU
		{D4B857BD-D602-477B-B673-069B624939B6}.Ad-Hoc|Any CPU.Deploy.0 = Debug|Any CPU
		{D4B857BD-D602-477B-B673-069B624939B6}.Ad-Hoc|ARM.ActiveCfg = Debug|Any CPU
		{D4B857BD-D602-477B-B673-069B624939B6}.Ad-Hoc|ARM.Build.0 = Debug|Any CPU
		{D4B857BD-D602-477B-B673-069B624939B6}.Ad-Hoc|ARM.Deploy.0 = Debug|Any CPU
		{D4B857BD-D602-477B-B673-069B624939B6}.Ad-Hoc|ARM64.ActiveCfg = Debug|Any CPU
		{D4B857BD-D602-477B-B673-069B624939B6}.Ad-Hoc|ARM64.Build.0 = Debug|Any CPU
		{D4B857BD-D602-477B-B673-069B624939B6}.Ad-Hoc|ARM64.Deploy.0 = Debug|Any CPU
		{D4B857BD-D602-477B-B673-069B624939B6}.Ad-Hoc|iPhone.ActiveCfg = Debug|Any CPU
		{D4B857BD-D602-477B-B673-069B624939B6}.Ad-Hoc|iPhone.Build.0 = Debug|Any CPU
		{D4B857BD-D602-477B-B673-069B624939B6}.Ad-Hoc|iPhone.Deploy.0 = Debug|Any CPU
		{D4B857BD-D602-477B-B673-069B624939B6}.Ad-Hoc|iPhoneSimulator.ActiveCfg = Debug|Any CPU
		{D4B857BD-D602-477B-B673-069B624939B6}.Ad-Hoc|iPhoneSimulator.Build.0 = Debug|Any CPU
		{D4B857BD-D602-477B-B673-069B624939B6}.Ad-Hoc|iPhoneSimulator.Deploy.0 = Debug|Any CPU
		{D4B857BD-D602-477B-B673-069B624939B6}.Ad-Hoc|x64.ActiveCfg = Debug|Any CPU
		{D4B857BD-D602-477B-B673-069B624939B6}.Ad-Hoc|x64.Build.0 = Debug|Any CPU
		{D4B857BD-D602-477B-B673-069B624939B6}.Ad-Hoc|x64.Deploy.0 = Debug|Any CPU
		{D4B857BD-D602-477B-B673-069B624939B6}.Ad-Hoc|x86.ActiveCfg = Debug|Any CPU
		{D4B857BD-D602-477B-B673-069B624939B6}.Ad-Hoc|x86.Build.0 = Debug|Any CPU
		{D4B857BD-D602-477B-B673-069B624939B6}.Ad-Hoc|x86.Deploy.0 = Debug|Any CPU
		{D4B857BD-D602-477B-B673-069B624939B6}.AppStore|Any CPU.ActiveCfg = Debug|Any CPU
		{D4B857BD-D602-477B-B673-069B624939B6}.AppStore|Any CPU.Build.0 = Debug|Any CPU
		{D4B857BD-D602-477B-B673-069B624939B6}.AppStore|Any CPU.Deploy.0 = Debug|Any CPU
		{D4B857BD-D602-477B-B673-069B624939B6}.AppStore|ARM.ActiveCfg = Debug|Any CPU
		{D4B857BD-D602-477B-B673-069B624939B6}.AppStore|ARM.Build.0 = Debug|Any CPU
		{D4B857BD-D602-477B-B673-069B624939B6}.AppStore|ARM.Deploy.0 = Debug|Any CPU
		{D4B857BD-D602-477B-B673-069B624939B6}.AppStore|ARM64.ActiveCfg = Debug|Any CPU
		{D4B857BD-D602-477B-B673-069B624939B6}.AppStore|ARM64.Build.0 = Debug|Any CPU
		{D4B857BD-D602-477B-B673-069B624939B6}.AppStore|ARM64.Deploy.0 = Debug|Any CPU
		{D4B857BD-D602-477B-B673-069B624939B6}.AppStore|iPhone.ActiveCfg = Debug|Any CPU
		{D4B857BD-D602-477B-B673-069B624939B6}.AppStore|iPhone.Build.0 = Debug|Any CPU
		{D4B857BD-D602-477B-B673-069B624939B6}.AppStore|iPhone.Deploy.0 = Debug|Any CPU
		{D4B857BD-D602-477B-B673-069B624939B6}.AppStore|iPhoneSimulator.ActiveCfg = Debug|Any CPU
		{D4B857BD-D602-477B-B673-069B624939B6}.AppStore|iPhoneSimulator.Build.0 = Debug|Any CPU
		{D4B857BD-D602-477B-B673-069B624939B6}.AppStore|iPhoneSimulator.Deploy.0 = Debug|Any CPU
		{D4B857BD-D602-477B-B673-069B624939B6}.AppStore|x64.ActiveCfg = Debug|Any CPU
		{D4B857BD-D602-477B-B673-069B624939B6}.AppStore|x64.Build.0 = Debug|Any CPU
		{D4B857BD-D602-477B-B673-069B624939B6}.AppStore|x64.Deploy.0 = Debug|Any CPU
		{D4B857BD-D602-477B-B673-069B624939B6}.AppStore|x86.ActiveCfg = Debug|Any CPU
		{D4B857BD-D602-477B-B673-069B624939B6}.AppStore|x86.Build.0 = Debug|Any CPU
		{D4B857BD-D602-477B-B673-069B624939B6}.AppStore|x86.Deploy.0 = Debug|Any CPU
		{D4B857BD-D602-477B-B673-069B624939B6}.Debug|Any CPU.ActiveCfg = Debug|Any CPU
		{D4B857BD-D602-477B-B673-069B624939B6}.Debug|Any CPU.Build.0 = Debug|Any CPU
		{D4B857BD-D602-477B-B673-069B624939B6}.Debug|Any CPU.Deploy.0 = Debug|Any CPU
		{D4B857BD-D602-477B-B673-069B624939B6}.Debug|ARM.ActiveCfg = Debug|Any CPU
		{D4B857BD-D602-477B-B673-069B624939B6}.Debug|ARM.Build.0 = Debug|Any CPU
		{D4B857BD-D602-477B-B673-069B624939B6}.Debug|ARM.Deploy.0 = Debug|Any CPU
		{D4B857BD-D602-477B-B673-069B624939B6}.Debug|ARM64.ActiveCfg = Debug|Any CPU
		{D4B857BD-D602-477B-B673-069B624939B6}.Debug|ARM64.Build.0 = Debug|Any CPU
		{D4B857BD-D602-477B-B673-069B624939B6}.Debug|ARM64.Deploy.0 = Debug|Any CPU
		{D4B857BD-D602-477B-B673-069B624939B6}.Debug|iPhone.ActiveCfg = Debug|Any CPU
		{D4B857BD-D602-477B-B673-069B624939B6}.Debug|iPhone.Build.0 = Debug|Any CPU
		{D4B857BD-D602-477B-B673-069B624939B6}.Debug|iPhone.Deploy.0 = Debug|Any CPU
		{D4B857BD-D602-477B-B673-069B624939B6}.Debug|iPhoneSimulator.ActiveCfg = Debug|Any CPU
		{D4B857BD-D602-477B-B673-069B624939B6}.Debug|iPhoneSimulator.Build.0 = Debug|Any CPU
		{D4B857BD-D602-477B-B673-069B624939B6}.Debug|iPhoneSimulator.Deploy.0 = Debug|Any CPU
		{D4B857BD-D602-477B-B673-069B624939B6}.Debug|x64.ActiveCfg = Debug|Any CPU
		{D4B857BD-D602-477B-B673-069B624939B6}.Debug|x64.Build.0 = Debug|Any CPU
		{D4B857BD-D602-477B-B673-069B624939B6}.Debug|x64.Deploy.0 = Debug|Any CPU
		{D4B857BD-D602-477B-B673-069B624939B6}.Debug|x86.ActiveCfg = Debug|Any CPU
		{D4B857BD-D602-477B-B673-069B624939B6}.Debug|x86.Build.0 = Debug|Any CPU
		{D4B857BD-D602-477B-B673-069B624939B6}.Debug|x86.Deploy.0 = Debug|Any CPU
		{D4B857BD-D602-477B-B673-069B624939B6}.Release|Any CPU.ActiveCfg = Release|Any CPU
		{D4B857BD-D602-477B-B673-069B624939B6}.Release|Any CPU.Build.0 = Release|Any CPU
		{D4B857BD-D602-477B-B673-069B624939B6}.Release|Any CPU.Deploy.0 = Release|Any CPU
		{D4B857BD-D602-477B-B673-069B624939B6}.Release|ARM.ActiveCfg = Release|Any CPU
		{D4B857BD-D602-477B-B673-069B624939B6}.Release|ARM.Build.0 = Release|Any CPU
		{D4B857BD-D602-477B-B673-069B624939B6}.Release|ARM.Deploy.0 = Release|Any CPU
		{D4B857BD-D602-477B-B673-069B624939B6}.Release|ARM64.ActiveCfg = Release|Any CPU
		{D4B857BD-D602-477B-B673-069B624939B6}.Release|ARM64.Build.0 = Release|Any CPU
		{D4B857BD-D602-477B-B673-069B624939B6}.Release|ARM64.Deploy.0 = Release|Any CPU
		{D4B857BD-D602-477B-B673-069B624939B6}.Release|iPhone.ActiveCfg = Release|Any CPU
		{D4B857BD-D602-477B-B673-069B624939B6}.Release|iPhone.Build.0 = Release|Any CPU
		{D4B857BD-D602-477B-B673-069B624939B6}.Release|iPhone.Deploy.0 = Release|Any CPU
		{D4B857BD-D602-477B-B673-069B624939B6}.Release|iPhoneSimulator.ActiveCfg = Release|Any CPU
		{D4B857BD-D602-477B-B673-069B624939B6}.Release|iPhoneSimulator.Build.0 = Release|Any CPU
		{D4B857BD-D602-477B-B673-069B624939B6}.Release|iPhoneSimulator.Deploy.0 = Release|Any CPU
		{D4B857BD-D602-477B-B673-069B624939B6}.Release|x64.ActiveCfg = Release|Any CPU
		{D4B857BD-D602-477B-B673-069B624939B6}.Release|x64.Build.0 = Release|Any CPU
		{D4B857BD-D602-477B-B673-069B624939B6}.Release|x64.Deploy.0 = Release|Any CPU
		{D4B857BD-D602-477B-B673-069B624939B6}.Release|x86.ActiveCfg = Release|Any CPU
		{D4B857BD-D602-477B-B673-069B624939B6}.Release|x86.Build.0 = Release|Any CPU
		{D4B857BD-D602-477B-B673-069B624939B6}.Release|x86.Deploy.0 = Release|Any CPU
		{798A638C-672B-463B-A6B2-B4A8AF5340BA}.Ad-Hoc|Any CPU.ActiveCfg = Ad-Hoc|iPhoneSimulator
		{798A638C-672B-463B-A6B2-B4A8AF5340BA}.Ad-Hoc|Any CPU.Build.0 = Ad-Hoc|iPhoneSimulator
		{798A638C-672B-463B-A6B2-B4A8AF5340BA}.Ad-Hoc|ARM.ActiveCfg = Ad-Hoc|iPhoneSimulator
		{798A638C-672B-463B-A6B2-B4A8AF5340BA}.Ad-Hoc|ARM.Build.0 = Ad-Hoc|iPhoneSimulator
		{798A638C-672B-463B-A6B2-B4A8AF5340BA}.Ad-Hoc|ARM64.ActiveCfg = Ad-Hoc|iPhoneSimulator
		{798A638C-672B-463B-A6B2-B4A8AF5340BA}.Ad-Hoc|ARM64.Build.0 = Ad-Hoc|iPhoneSimulator
		{798A638C-672B-463B-A6B2-B4A8AF5340BA}.Ad-Hoc|iPhone.ActiveCfg = Ad-Hoc|iPhone
		{798A638C-672B-463B-A6B2-B4A8AF5340BA}.Ad-Hoc|iPhone.Build.0 = Ad-Hoc|iPhone
		{798A638C-672B-463B-A6B2-B4A8AF5340BA}.Ad-Hoc|iPhoneSimulator.ActiveCfg = Ad-Hoc|iPhoneSimulator
		{798A638C-672B-463B-A6B2-B4A8AF5340BA}.Ad-Hoc|iPhoneSimulator.Build.0 = Ad-Hoc|iPhoneSimulator
		{798A638C-672B-463B-A6B2-B4A8AF5340BA}.Ad-Hoc|x64.ActiveCfg = Ad-Hoc|iPhoneSimulator
		{798A638C-672B-463B-A6B2-B4A8AF5340BA}.Ad-Hoc|x64.Build.0 = Ad-Hoc|iPhoneSimulator
		{798A638C-672B-463B-A6B2-B4A8AF5340BA}.Ad-Hoc|x86.ActiveCfg = Ad-Hoc|iPhoneSimulator
		{798A638C-672B-463B-A6B2-B4A8AF5340BA}.Ad-Hoc|x86.Build.0 = Ad-Hoc|iPhoneSimulator
		{798A638C-672B-463B-A6B2-B4A8AF5340BA}.AppStore|Any CPU.ActiveCfg = AppStore|iPhoneSimulator
		{798A638C-672B-463B-A6B2-B4A8AF5340BA}.AppStore|Any CPU.Build.0 = AppStore|iPhoneSimulator
		{798A638C-672B-463B-A6B2-B4A8AF5340BA}.AppStore|ARM.ActiveCfg = AppStore|iPhoneSimulator
		{798A638C-672B-463B-A6B2-B4A8AF5340BA}.AppStore|ARM.Build.0 = AppStore|iPhoneSimulator
		{798A638C-672B-463B-A6B2-B4A8AF5340BA}.AppStore|ARM64.ActiveCfg = AppStore|iPhoneSimulator
		{798A638C-672B-463B-A6B2-B4A8AF5340BA}.AppStore|ARM64.Build.0 = AppStore|iPhoneSimulator
		{798A638C-672B-463B-A6B2-B4A8AF5340BA}.AppStore|iPhone.ActiveCfg = AppStore|iPhone
		{798A638C-672B-463B-A6B2-B4A8AF5340BA}.AppStore|iPhone.Build.0 = AppStore|iPhone
		{798A638C-672B-463B-A6B2-B4A8AF5340BA}.AppStore|iPhoneSimulator.ActiveCfg = AppStore|iPhoneSimulator
		{798A638C-672B-463B-A6B2-B4A8AF5340BA}.AppStore|iPhoneSimulator.Build.0 = AppStore|iPhoneSimulator
		{798A638C-672B-463B-A6B2-B4A8AF5340BA}.AppStore|x64.ActiveCfg = AppStore|iPhoneSimulator
		{798A638C-672B-463B-A6B2-B4A8AF5340BA}.AppStore|x64.Build.0 = AppStore|iPhoneSimulator
		{798A638C-672B-463B-A6B2-B4A8AF5340BA}.AppStore|x86.ActiveCfg = AppStore|iPhoneSimulator
		{798A638C-672B-463B-A6B2-B4A8AF5340BA}.AppStore|x86.Build.0 = AppStore|iPhoneSimulator
		{798A638C-672B-463B-A6B2-B4A8AF5340BA}.Debug|Any CPU.ActiveCfg = Debug|iPhoneSimulator
		{798A638C-672B-463B-A6B2-B4A8AF5340BA}.Debug|Any CPU.Build.0 = Debug|iPhoneSimulator
		{798A638C-672B-463B-A6B2-B4A8AF5340BA}.Debug|ARM.ActiveCfg = Debug|iPhoneSimulator
		{798A638C-672B-463B-A6B2-B4A8AF5340BA}.Debug|ARM.Build.0 = Debug|iPhoneSimulator
		{798A638C-672B-463B-A6B2-B4A8AF5340BA}.Debug|ARM64.ActiveCfg = Debug|iPhoneSimulator
		{798A638C-672B-463B-A6B2-B4A8AF5340BA}.Debug|ARM64.Build.0 = Debug|iPhoneSimulator
		{798A638C-672B-463B-A6B2-B4A8AF5340BA}.Debug|iPhone.ActiveCfg = Debug|iPhone
		{798A638C-672B-463B-A6B2-B4A8AF5340BA}.Debug|iPhone.Build.0 = Debug|iPhone
		{798A638C-672B-463B-A6B2-B4A8AF5340BA}.Debug|iPhone.Deploy.0 = Debug|iPhone
		{798A638C-672B-463B-A6B2-B4A8AF5340BA}.Debug|iPhoneSimulator.ActiveCfg = Debug|iPhoneSimulator
		{798A638C-672B-463B-A6B2-B4A8AF5340BA}.Debug|iPhoneSimulator.Build.0 = Debug|iPhoneSimulator
		{798A638C-672B-463B-A6B2-B4A8AF5340BA}.Debug|x64.ActiveCfg = Debug|iPhoneSimulator
		{798A638C-672B-463B-A6B2-B4A8AF5340BA}.Debug|x64.Build.0 = Debug|iPhoneSimulator
		{798A638C-672B-463B-A6B2-B4A8AF5340BA}.Debug|x86.ActiveCfg = Debug|iPhoneSimulator
		{798A638C-672B-463B-A6B2-B4A8AF5340BA}.Debug|x86.Build.0 = Debug|iPhoneSimulator
		{798A638C-672B-463B-A6B2-B4A8AF5340BA}.Release|Any CPU.ActiveCfg = Release|iPhoneSimulator
		{798A638C-672B-463B-A6B2-B4A8AF5340BA}.Release|Any CPU.Build.0 = Release|iPhoneSimulator
		{798A638C-672B-463B-A6B2-B4A8AF5340BA}.Release|ARM.ActiveCfg = Release|iPhoneSimulator
		{798A638C-672B-463B-A6B2-B4A8AF5340BA}.Release|ARM.Build.0 = Release|iPhoneSimulator
		{798A638C-672B-463B-A6B2-B4A8AF5340BA}.Release|ARM64.ActiveCfg = Release|iPhoneSimulator
		{798A638C-672B-463B-A6B2-B4A8AF5340BA}.Release|ARM64.Build.0 = Release|iPhoneSimulator
		{798A638C-672B-463B-A6B2-B4A8AF5340BA}.Release|iPhone.ActiveCfg = Release|iPhone
		{798A638C-672B-463B-A6B2-B4A8AF5340BA}.Release|iPhone.Build.0 = Release|iPhone
		{798A638C-672B-463B-A6B2-B4A8AF5340BA}.Release|iPhoneSimulator.ActiveCfg = Release|iPhoneSimulator
		{798A638C-672B-463B-A6B2-B4A8AF5340BA}.Release|iPhoneSimulator.Build.0 = Release|iPhoneSimulator
		{798A638C-672B-463B-A6B2-B4A8AF5340BA}.Release|x64.ActiveCfg = Release|iPhoneSimulator
		{798A638C-672B-463B-A6B2-B4A8AF5340BA}.Release|x64.Build.0 = Release|iPhoneSimulator
		{798A638C-672B-463B-A6B2-B4A8AF5340BA}.Release|x86.ActiveCfg = Release|iPhoneSimulator
		{798A638C-672B-463B-A6B2-B4A8AF5340BA}.Release|x86.Build.0 = Release|iPhoneSimulator
		{412006BE-CA17-4182-A765-E771A8D71E50}.Ad-Hoc|Any CPU.ActiveCfg = Debug|x86
		{412006BE-CA17-4182-A765-E771A8D71E50}.Ad-Hoc|Any CPU.Build.0 = Debug|x86
		{412006BE-CA17-4182-A765-E771A8D71E50}.Ad-Hoc|Any CPU.Deploy.0 = Debug|x86
		{412006BE-CA17-4182-A765-E771A8D71E50}.Ad-Hoc|ARM.ActiveCfg = Debug|ARM
		{412006BE-CA17-4182-A765-E771A8D71E50}.Ad-Hoc|ARM.Build.0 = Debug|ARM
		{412006BE-CA17-4182-A765-E771A8D71E50}.Ad-Hoc|ARM.Deploy.0 = Debug|ARM
		{412006BE-CA17-4182-A765-E771A8D71E50}.Ad-Hoc|ARM64.ActiveCfg = Debug|ARM64
		{412006BE-CA17-4182-A765-E771A8D71E50}.Ad-Hoc|ARM64.Build.0 = Debug|ARM64
		{412006BE-CA17-4182-A765-E771A8D71E50}.Ad-Hoc|ARM64.Deploy.0 = Debug|ARM64
		{412006BE-CA17-4182-A765-E771A8D71E50}.Ad-Hoc|iPhone.ActiveCfg = Debug|x86
		{412006BE-CA17-4182-A765-E771A8D71E50}.Ad-Hoc|iPhone.Build.0 = Debug|x86
		{412006BE-CA17-4182-A765-E771A8D71E50}.Ad-Hoc|iPhone.Deploy.0 = Debug|x86
		{412006BE-CA17-4182-A765-E771A8D71E50}.Ad-Hoc|iPhoneSimulator.ActiveCfg = Debug|x86
		{412006BE-CA17-4182-A765-E771A8D71E50}.Ad-Hoc|iPhoneSimulator.Build.0 = Debug|x86
		{412006BE-CA17-4182-A765-E771A8D71E50}.Ad-Hoc|iPhoneSimulator.Deploy.0 = Debug|x86
		{412006BE-CA17-4182-A765-E771A8D71E50}.Ad-Hoc|x64.ActiveCfg = Debug|x64
		{412006BE-CA17-4182-A765-E771A8D71E50}.Ad-Hoc|x64.Build.0 = Debug|x64
		{412006BE-CA17-4182-A765-E771A8D71E50}.Ad-Hoc|x64.Deploy.0 = Debug|x64
		{412006BE-CA17-4182-A765-E771A8D71E50}.Ad-Hoc|x86.ActiveCfg = Debug|x86
		{412006BE-CA17-4182-A765-E771A8D71E50}.Ad-Hoc|x86.Build.0 = Debug|x86
		{412006BE-CA17-4182-A765-E771A8D71E50}.Ad-Hoc|x86.Deploy.0 = Debug|x86
		{412006BE-CA17-4182-A765-E771A8D71E50}.AppStore|Any CPU.ActiveCfg = Debug|x86
		{412006BE-CA17-4182-A765-E771A8D71E50}.AppStore|Any CPU.Build.0 = Debug|x86
		{412006BE-CA17-4182-A765-E771A8D71E50}.AppStore|Any CPU.Deploy.0 = Debug|x86
		{412006BE-CA17-4182-A765-E771A8D71E50}.AppStore|ARM.ActiveCfg = Debug|ARM
		{412006BE-CA17-4182-A765-E771A8D71E50}.AppStore|ARM.Build.0 = Debug|ARM
		{412006BE-CA17-4182-A765-E771A8D71E50}.AppStore|ARM.Deploy.0 = Debug|ARM
		{412006BE-CA17-4182-A765-E771A8D71E50}.AppStore|ARM64.ActiveCfg = Debug|ARM64
		{412006BE-CA17-4182-A765-E771A8D71E50}.AppStore|ARM64.Build.0 = Debug|ARM64
		{412006BE-CA17-4182-A765-E771A8D71E50}.AppStore|ARM64.Deploy.0 = Debug|ARM64
		{412006BE-CA17-4182-A765-E771A8D71E50}.AppStore|iPhone.ActiveCfg = Debug|x86
		{412006BE-CA17-4182-A765-E771A8D71E50}.AppStore|iPhone.Build.0 = Debug|x86
		{412006BE-CA17-4182-A765-E771A8D71E50}.AppStore|iPhone.Deploy.0 = Debug|x86
		{412006BE-CA17-4182-A765-E771A8D71E50}.AppStore|iPhoneSimulator.ActiveCfg = Debug|x86
		{412006BE-CA17-4182-A765-E771A8D71E50}.AppStore|iPhoneSimulator.Build.0 = Debug|x86
		{412006BE-CA17-4182-A765-E771A8D71E50}.AppStore|iPhoneSimulator.Deploy.0 = Debug|x86
		{412006BE-CA17-4182-A765-E771A8D71E50}.AppStore|x64.ActiveCfg = Debug|x64
		{412006BE-CA17-4182-A765-E771A8D71E50}.AppStore|x64.Build.0 = Debug|x64
		{412006BE-CA17-4182-A765-E771A8D71E50}.AppStore|x64.Deploy.0 = Debug|x64
		{412006BE-CA17-4182-A765-E771A8D71E50}.AppStore|x86.ActiveCfg = Debug|x86
		{412006BE-CA17-4182-A765-E771A8D71E50}.AppStore|x86.Build.0 = Debug|x86
		{412006BE-CA17-4182-A765-E771A8D71E50}.AppStore|x86.Deploy.0 = Debug|x86
		{412006BE-CA17-4182-A765-E771A8D71E50}.Debug|Any CPU.ActiveCfg = Debug|x64
		{412006BE-CA17-4182-A765-E771A8D71E50}.Debug|Any CPU.Build.0 = Debug|x64
		{412006BE-CA17-4182-A765-E771A8D71E50}.Debug|Any CPU.Deploy.0 = Debug|x64
		{412006BE-CA17-4182-A765-E771A8D71E50}.Debug|ARM.ActiveCfg = Debug|ARM
		{412006BE-CA17-4182-A765-E771A8D71E50}.Debug|ARM.Build.0 = Debug|ARM
		{412006BE-CA17-4182-A765-E771A8D71E50}.Debug|ARM.Deploy.0 = Debug|ARM
		{412006BE-CA17-4182-A765-E771A8D71E50}.Debug|ARM64.ActiveCfg = Debug|ARM64
		{412006BE-CA17-4182-A765-E771A8D71E50}.Debug|ARM64.Build.0 = Debug|ARM64
		{412006BE-CA17-4182-A765-E771A8D71E50}.Debug|ARM64.Deploy.0 = Debug|ARM64
		{412006BE-CA17-4182-A765-E771A8D71E50}.Debug|iPhone.ActiveCfg = Debug|x64
		{412006BE-CA17-4182-A765-E771A8D71E50}.Debug|iPhone.Build.0 = Debug|x64
		{412006BE-CA17-4182-A765-E771A8D71E50}.Debug|iPhone.Deploy.0 = Debug|x64
		{412006BE-CA17-4182-A765-E771A8D71E50}.Debug|iPhoneSimulator.ActiveCfg = Debug|x64
		{412006BE-CA17-4182-A765-E771A8D71E50}.Debug|iPhoneSimulator.Build.0 = Debug|x64
		{412006BE-CA17-4182-A765-E771A8D71E50}.Debug|iPhoneSimulator.Deploy.0 = Debug|x64
		{412006BE-CA17-4182-A765-E771A8D71E50}.Debug|x64.ActiveCfg = Debug|x64
		{412006BE-CA17-4182-A765-E771A8D71E50}.Debug|x64.Build.0 = Debug|x64
		{412006BE-CA17-4182-A765-E771A8D71E50}.Debug|x64.Deploy.0 = Debug|x64
		{412006BE-CA17-4182-A765-E771A8D71E50}.Debug|x86.ActiveCfg = Debug|x86
		{412006BE-CA17-4182-A765-E771A8D71E50}.Debug|x86.Build.0 = Debug|x86
		{412006BE-CA17-4182-A765-E771A8D71E50}.Debug|x86.Deploy.0 = Debug|x86
		{412006BE-CA17-4182-A765-E771A8D71E50}.Release|Any CPU.ActiveCfg = Release|x64
		{412006BE-CA17-4182-A765-E771A8D71E50}.Release|Any CPU.Build.0 = Release|x64
		{412006BE-CA17-4182-A765-E771A8D71E50}.Release|Any CPU.Deploy.0 = Release|x64
		{412006BE-CA17-4182-A765-E771A8D71E50}.Release|ARM.ActiveCfg = Release|ARM
		{412006BE-CA17-4182-A765-E771A8D71E50}.Release|ARM.Build.0 = Release|ARM
		{412006BE-CA17-4182-A765-E771A8D71E50}.Release|ARM.Deploy.0 = Release|ARM
		{412006BE-CA17-4182-A765-E771A8D71E50}.Release|ARM64.ActiveCfg = Release|ARM64
		{412006BE-CA17-4182-A765-E771A8D71E50}.Release|ARM64.Build.0 = Release|ARM64
		{412006BE-CA17-4182-A765-E771A8D71E50}.Release|ARM64.Deploy.0 = Release|ARM64
		{412006BE-CA17-4182-A765-E771A8D71E50}.Release|iPhone.ActiveCfg = Release|x64
		{412006BE-CA17-4182-A765-E771A8D71E50}.Release|iPhone.Build.0 = Release|x64
		{412006BE-CA17-4182-A765-E771A8D71E50}.Release|iPhone.Deploy.0 = Release|x64
		{412006BE-CA17-4182-A765-E771A8D71E50}.Release|iPhoneSimulator.ActiveCfg = Release|x64
		{412006BE-CA17-4182-A765-E771A8D71E50}.Release|iPhoneSimulator.Build.0 = Release|x64
		{412006BE-CA17-4182-A765-E771A8D71E50}.Release|iPhoneSimulator.Deploy.0 = Release|x64
		{412006BE-CA17-4182-A765-E771A8D71E50}.Release|x64.ActiveCfg = Release|x64
		{412006BE-CA17-4182-A765-E771A8D71E50}.Release|x64.Build.0 = Release|x64
		{412006BE-CA17-4182-A765-E771A8D71E50}.Release|x64.Deploy.0 = Release|x64
		{412006BE-CA17-4182-A765-E771A8D71E50}.Release|x86.ActiveCfg = Release|x86
		{412006BE-CA17-4182-A765-E771A8D71E50}.Release|x86.Build.0 = Release|x86
		{412006BE-CA17-4182-A765-E771A8D71E50}.Release|x86.Deploy.0 = Release|x86
		{E689AC9B-CF38-4E01-83A9-9C720C765881}.Ad-Hoc|Any CPU.ActiveCfg = Debug|Any CPU
		{E689AC9B-CF38-4E01-83A9-9C720C765881}.Ad-Hoc|Any CPU.Build.0 = Debug|Any CPU
		{E689AC9B-CF38-4E01-83A9-9C720C765881}.Ad-Hoc|ARM.ActiveCfg = Debug|Any CPU
		{E689AC9B-CF38-4E01-83A9-9C720C765881}.Ad-Hoc|ARM.Build.0 = Debug|Any CPU
		{E689AC9B-CF38-4E01-83A9-9C720C765881}.Ad-Hoc|ARM64.ActiveCfg = Debug|Any CPU
		{E689AC9B-CF38-4E01-83A9-9C720C765881}.Ad-Hoc|ARM64.Build.0 = Debug|Any CPU
		{E689AC9B-CF38-4E01-83A9-9C720C765881}.Ad-Hoc|iPhone.ActiveCfg = Debug|Any CPU
		{E689AC9B-CF38-4E01-83A9-9C720C765881}.Ad-Hoc|iPhone.Build.0 = Debug|Any CPU
		{E689AC9B-CF38-4E01-83A9-9C720C765881}.Ad-Hoc|iPhoneSimulator.ActiveCfg = Debug|Any CPU
		{E689AC9B-CF38-4E01-83A9-9C720C765881}.Ad-Hoc|iPhoneSimulator.Build.0 = Debug|Any CPU
		{E689AC9B-CF38-4E01-83A9-9C720C765881}.Ad-Hoc|x64.ActiveCfg = Debug|Any CPU
		{E689AC9B-CF38-4E01-83A9-9C720C765881}.Ad-Hoc|x64.Build.0 = Debug|Any CPU
		{E689AC9B-CF38-4E01-83A9-9C720C765881}.Ad-Hoc|x86.ActiveCfg = Debug|Any CPU
		{E689AC9B-CF38-4E01-83A9-9C720C765881}.Ad-Hoc|x86.Build.0 = Debug|Any CPU
		{E689AC9B-CF38-4E01-83A9-9C720C765881}.AppStore|Any CPU.ActiveCfg = Debug|Any CPU
		{E689AC9B-CF38-4E01-83A9-9C720C765881}.AppStore|Any CPU.Build.0 = Debug|Any CPU
		{E689AC9B-CF38-4E01-83A9-9C720C765881}.AppStore|ARM.ActiveCfg = Debug|Any CPU
		{E689AC9B-CF38-4E01-83A9-9C720C765881}.AppStore|ARM.Build.0 = Debug|Any CPU
		{E689AC9B-CF38-4E01-83A9-9C720C765881}.AppStore|ARM64.ActiveCfg = Debug|Any CPU
		{E689AC9B-CF38-4E01-83A9-9C720C765881}.AppStore|ARM64.Build.0 = Debug|Any CPU
		{E689AC9B-CF38-4E01-83A9-9C720C765881}.AppStore|iPhone.ActiveCfg = Debug|Any CPU
		{E689AC9B-CF38-4E01-83A9-9C720C765881}.AppStore|iPhone.Build.0 = Debug|Any CPU
		{E689AC9B-CF38-4E01-83A9-9C720C765881}.AppStore|iPhoneSimulator.ActiveCfg = Debug|Any CPU
		{E689AC9B-CF38-4E01-83A9-9C720C765881}.AppStore|iPhoneSimulator.Build.0 = Debug|Any CPU
		{E689AC9B-CF38-4E01-83A9-9C720C765881}.AppStore|x64.ActiveCfg = Debug|Any CPU
		{E689AC9B-CF38-4E01-83A9-9C720C765881}.AppStore|x64.Build.0 = Debug|Any CPU
		{E689AC9B-CF38-4E01-83A9-9C720C765881}.AppStore|x86.ActiveCfg = Debug|Any CPU
		{E689AC9B-CF38-4E01-83A9-9C720C765881}.AppStore|x86.Build.0 = Debug|Any CPU
		{E689AC9B-CF38-4E01-83A9-9C720C765881}.Debug|Any CPU.ActiveCfg = Debug|Any CPU
		{E689AC9B-CF38-4E01-83A9-9C720C765881}.Debug|Any CPU.Build.0 = Debug|Any CPU
		{E689AC9B-CF38-4E01-83A9-9C720C765881}.Debug|ARM.ActiveCfg = Debug|Any CPU
		{E689AC9B-CF38-4E01-83A9-9C720C765881}.Debug|ARM.Build.0 = Debug|Any CPU
		{E689AC9B-CF38-4E01-83A9-9C720C765881}.Debug|ARM64.ActiveCfg = Debug|Any CPU
		{E689AC9B-CF38-4E01-83A9-9C720C765881}.Debug|ARM64.Build.0 = Debug|Any CPU
		{E689AC9B-CF38-4E01-83A9-9C720C765881}.Debug|iPhone.ActiveCfg = Debug|Any CPU
		{E689AC9B-CF38-4E01-83A9-9C720C765881}.Debug|iPhone.Build.0 = Debug|Any CPU
		{E689AC9B-CF38-4E01-83A9-9C720C765881}.Debug|iPhoneSimulator.ActiveCfg = Debug|Any CPU
		{E689AC9B-CF38-4E01-83A9-9C720C765881}.Debug|iPhoneSimulator.Build.0 = Debug|Any CPU
		{E689AC9B-CF38-4E01-83A9-9C720C765881}.Debug|x64.ActiveCfg = Debug|Any CPU
		{E689AC9B-CF38-4E01-83A9-9C720C765881}.Debug|x64.Build.0 = Debug|Any CPU
		{E689AC9B-CF38-4E01-83A9-9C720C765881}.Debug|x86.ActiveCfg = Debug|Any CPU
		{E689AC9B-CF38-4E01-83A9-9C720C765881}.Debug|x86.Build.0 = Debug|Any CPU
		{E689AC9B-CF38-4E01-83A9-9C720C765881}.Release|Any CPU.ActiveCfg = Release|Any CPU
		{E689AC9B-CF38-4E01-83A9-9C720C765881}.Release|Any CPU.Build.0 = Release|Any CPU
		{E689AC9B-CF38-4E01-83A9-9C720C765881}.Release|ARM.ActiveCfg = Release|Any CPU
		{E689AC9B-CF38-4E01-83A9-9C720C765881}.Release|ARM.Build.0 = Release|Any CPU
		{E689AC9B-CF38-4E01-83A9-9C720C765881}.Release|ARM64.ActiveCfg = Release|Any CPU
		{E689AC9B-CF38-4E01-83A9-9C720C765881}.Release|ARM64.Build.0 = Release|Any CPU
		{E689AC9B-CF38-4E01-83A9-9C720C765881}.Release|iPhone.ActiveCfg = Release|Any CPU
		{E689AC9B-CF38-4E01-83A9-9C720C765881}.Release|iPhone.Build.0 = Release|Any CPU
		{E689AC9B-CF38-4E01-83A9-9C720C765881}.Release|iPhoneSimulator.ActiveCfg = Release|Any CPU
		{E689AC9B-CF38-4E01-83A9-9C720C765881}.Release|iPhoneSimulator.Build.0 = Release|Any CPU
		{E689AC9B-CF38-4E01-83A9-9C720C765881}.Release|x64.ActiveCfg = Release|Any CPU
		{E689AC9B-CF38-4E01-83A9-9C720C765881}.Release|x64.Build.0 = Release|Any CPU
		{E689AC9B-CF38-4E01-83A9-9C720C765881}.Release|x86.ActiveCfg = Release|Any CPU
		{E689AC9B-CF38-4E01-83A9-9C720C765881}.Release|x86.Build.0 = Release|Any CPU
		{AA2C5DA1-A8E8-4779-971C-DF275750AC35}.Ad-Hoc|Any CPU.ActiveCfg = Debug|iPhoneSimulator
		{AA2C5DA1-A8E8-4779-971C-DF275750AC35}.Ad-Hoc|Any CPU.Build.0 = Debug|iPhoneSimulator
		{AA2C5DA1-A8E8-4779-971C-DF275750AC35}.Ad-Hoc|ARM.ActiveCfg = Debug|iPhoneSimulator
		{AA2C5DA1-A8E8-4779-971C-DF275750AC35}.Ad-Hoc|ARM.Build.0 = Debug|iPhoneSimulator
		{AA2C5DA1-A8E8-4779-971C-DF275750AC35}.Ad-Hoc|ARM64.ActiveCfg = Debug|iPhoneSimulator
		{AA2C5DA1-A8E8-4779-971C-DF275750AC35}.Ad-Hoc|ARM64.Build.0 = Debug|iPhoneSimulator
		{AA2C5DA1-A8E8-4779-971C-DF275750AC35}.Ad-Hoc|iPhone.ActiveCfg = Debug|iPhoneSimulator
		{AA2C5DA1-A8E8-4779-971C-DF275750AC35}.Ad-Hoc|iPhone.Build.0 = Debug|iPhoneSimulator
		{AA2C5DA1-A8E8-4779-971C-DF275750AC35}.Ad-Hoc|iPhoneSimulator.ActiveCfg = Debug|iPhoneSimulator
		{AA2C5DA1-A8E8-4779-971C-DF275750AC35}.Ad-Hoc|iPhoneSimulator.Build.0 = Debug|iPhoneSimulator
		{AA2C5DA1-A8E8-4779-971C-DF275750AC35}.Ad-Hoc|x64.ActiveCfg = Debug|iPhoneSimulator
		{AA2C5DA1-A8E8-4779-971C-DF275750AC35}.Ad-Hoc|x64.Build.0 = Debug|iPhoneSimulator
		{AA2C5DA1-A8E8-4779-971C-DF275750AC35}.Ad-Hoc|x86.ActiveCfg = Debug|iPhoneSimulator
		{AA2C5DA1-A8E8-4779-971C-DF275750AC35}.Ad-Hoc|x86.Build.0 = Debug|iPhoneSimulator
		{AA2C5DA1-A8E8-4779-971C-DF275750AC35}.AppStore|Any CPU.ActiveCfg = Debug|iPhoneSimulator
		{AA2C5DA1-A8E8-4779-971C-DF275750AC35}.AppStore|Any CPU.Build.0 = Debug|iPhoneSimulator
		{AA2C5DA1-A8E8-4779-971C-DF275750AC35}.AppStore|ARM.ActiveCfg = Debug|iPhoneSimulator
		{AA2C5DA1-A8E8-4779-971C-DF275750AC35}.AppStore|ARM.Build.0 = Debug|iPhoneSimulator
		{AA2C5DA1-A8E8-4779-971C-DF275750AC35}.AppStore|ARM64.ActiveCfg = Debug|iPhoneSimulator
		{AA2C5DA1-A8E8-4779-971C-DF275750AC35}.AppStore|ARM64.Build.0 = Debug|iPhoneSimulator
		{AA2C5DA1-A8E8-4779-971C-DF275750AC35}.AppStore|iPhone.ActiveCfg = Debug|iPhoneSimulator
		{AA2C5DA1-A8E8-4779-971C-DF275750AC35}.AppStore|iPhone.Build.0 = Debug|iPhoneSimulator
		{AA2C5DA1-A8E8-4779-971C-DF275750AC35}.AppStore|iPhoneSimulator.ActiveCfg = Debug|iPhoneSimulator
		{AA2C5DA1-A8E8-4779-971C-DF275750AC35}.AppStore|iPhoneSimulator.Build.0 = Debug|iPhoneSimulator
		{AA2C5DA1-A8E8-4779-971C-DF275750AC35}.AppStore|x64.ActiveCfg = Debug|iPhoneSimulator
		{AA2C5DA1-A8E8-4779-971C-DF275750AC35}.AppStore|x64.Build.0 = Debug|iPhoneSimulator
		{AA2C5DA1-A8E8-4779-971C-DF275750AC35}.AppStore|x86.ActiveCfg = Debug|iPhoneSimulator
		{AA2C5DA1-A8E8-4779-971C-DF275750AC35}.AppStore|x86.Build.0 = Debug|iPhoneSimulator
		{AA2C5DA1-A8E8-4779-971C-DF275750AC35}.Debug|Any CPU.ActiveCfg = Debug|iPhoneSimulator
		{AA2C5DA1-A8E8-4779-971C-DF275750AC35}.Debug|Any CPU.Build.0 = Debug|iPhoneSimulator
		{AA2C5DA1-A8E8-4779-971C-DF275750AC35}.Debug|ARM.ActiveCfg = Debug|iPhoneSimulator
		{AA2C5DA1-A8E8-4779-971C-DF275750AC35}.Debug|ARM.Build.0 = Debug|iPhoneSimulator
		{AA2C5DA1-A8E8-4779-971C-DF275750AC35}.Debug|ARM64.ActiveCfg = Debug|iPhoneSimulator
		{AA2C5DA1-A8E8-4779-971C-DF275750AC35}.Debug|ARM64.Build.0 = Debug|iPhoneSimulator
		{AA2C5DA1-A8E8-4779-971C-DF275750AC35}.Debug|iPhone.ActiveCfg = Debug|iPhoneSimulator
		{AA2C5DA1-A8E8-4779-971C-DF275750AC35}.Debug|iPhone.Build.0 = Debug|iPhoneSimulator
		{AA2C5DA1-A8E8-4779-971C-DF275750AC35}.Debug|iPhoneSimulator.ActiveCfg = Debug|iPhoneSimulator
		{AA2C5DA1-A8E8-4779-971C-DF275750AC35}.Debug|iPhoneSimulator.Build.0 = Debug|iPhoneSimulator
		{AA2C5DA1-A8E8-4779-971C-DF275750AC35}.Debug|x64.ActiveCfg = Debug|iPhoneSimulator
		{AA2C5DA1-A8E8-4779-971C-DF275750AC35}.Debug|x64.Build.0 = Debug|iPhoneSimulator
		{AA2C5DA1-A8E8-4779-971C-DF275750AC35}.Debug|x86.ActiveCfg = Debug|iPhoneSimulator
		{AA2C5DA1-A8E8-4779-971C-DF275750AC35}.Debug|x86.Build.0 = Debug|iPhoneSimulator
		{AA2C5DA1-A8E8-4779-971C-DF275750AC35}.Release|Any CPU.ActiveCfg = Release|iPhoneSimulator
		{AA2C5DA1-A8E8-4779-971C-DF275750AC35}.Release|Any CPU.Build.0 = Release|iPhoneSimulator
		{AA2C5DA1-A8E8-4779-971C-DF275750AC35}.Release|ARM.ActiveCfg = Release|iPhoneSimulator
		{AA2C5DA1-A8E8-4779-971C-DF275750AC35}.Release|ARM.Build.0 = Release|iPhoneSimulator
		{AA2C5DA1-A8E8-4779-971C-DF275750AC35}.Release|ARM64.ActiveCfg = Release|iPhoneSimulator
		{AA2C5DA1-A8E8-4779-971C-DF275750AC35}.Release|ARM64.Build.0 = Release|iPhoneSimulator
		{AA2C5DA1-A8E8-4779-971C-DF275750AC35}.Release|iPhone.ActiveCfg = Release|iPhoneSimulator
		{AA2C5DA1-A8E8-4779-971C-DF275750AC35}.Release|iPhone.Build.0 = Release|iPhoneSimulator
		{AA2C5DA1-A8E8-4779-971C-DF275750AC35}.Release|iPhoneSimulator.ActiveCfg = Release|iPhoneSimulator
		{AA2C5DA1-A8E8-4779-971C-DF275750AC35}.Release|iPhoneSimulator.Build.0 = Release|iPhoneSimulator
		{AA2C5DA1-A8E8-4779-971C-DF275750AC35}.Release|x64.ActiveCfg = Release|iPhoneSimulator
		{AA2C5DA1-A8E8-4779-971C-DF275750AC35}.Release|x64.Build.0 = Release|iPhoneSimulator
		{AA2C5DA1-A8E8-4779-971C-DF275750AC35}.Release|x86.ActiveCfg = Release|iPhoneSimulator
		{AA2C5DA1-A8E8-4779-971C-DF275750AC35}.Release|x86.Build.0 = Release|iPhoneSimulator
		{55BFA0B0-09B5-4394-B37C-C74D35400560}.Ad-Hoc|Any CPU.ActiveCfg = Debug|Any CPU
		{55BFA0B0-09B5-4394-B37C-C74D35400560}.Ad-Hoc|Any CPU.Build.0 = Debug|Any CPU
		{55BFA0B0-09B5-4394-B37C-C74D35400560}.Ad-Hoc|ARM.ActiveCfg = Debug|Any CPU
		{55BFA0B0-09B5-4394-B37C-C74D35400560}.Ad-Hoc|ARM.Build.0 = Debug|Any CPU
		{55BFA0B0-09B5-4394-B37C-C74D35400560}.Ad-Hoc|ARM64.ActiveCfg = Debug|Any CPU
		{55BFA0B0-09B5-4394-B37C-C74D35400560}.Ad-Hoc|ARM64.Build.0 = Debug|Any CPU
		{55BFA0B0-09B5-4394-B37C-C74D35400560}.Ad-Hoc|iPhone.ActiveCfg = Debug|Any CPU
		{55BFA0B0-09B5-4394-B37C-C74D35400560}.Ad-Hoc|iPhone.Build.0 = Debug|Any CPU
		{55BFA0B0-09B5-4394-B37C-C74D35400560}.Ad-Hoc|iPhoneSimulator.ActiveCfg = Debug|Any CPU
		{55BFA0B0-09B5-4394-B37C-C74D35400560}.Ad-Hoc|iPhoneSimulator.Build.0 = Debug|Any CPU
		{55BFA0B0-09B5-4394-B37C-C74D35400560}.Ad-Hoc|x64.ActiveCfg = Debug|Any CPU
		{55BFA0B0-09B5-4394-B37C-C74D35400560}.Ad-Hoc|x64.Build.0 = Debug|Any CPU
		{55BFA0B0-09B5-4394-B37C-C74D35400560}.Ad-Hoc|x86.ActiveCfg = Debug|Any CPU
		{55BFA0B0-09B5-4394-B37C-C74D35400560}.Ad-Hoc|x86.Build.0 = Debug|Any CPU
		{55BFA0B0-09B5-4394-B37C-C74D35400560}.AppStore|Any CPU.ActiveCfg = Debug|Any CPU
		{55BFA0B0-09B5-4394-B37C-C74D35400560}.AppStore|Any CPU.Build.0 = Debug|Any CPU
		{55BFA0B0-09B5-4394-B37C-C74D35400560}.AppStore|ARM.ActiveCfg = Debug|Any CPU
		{55BFA0B0-09B5-4394-B37C-C74D35400560}.AppStore|ARM.Build.0 = Debug|Any CPU
		{55BFA0B0-09B5-4394-B37C-C74D35400560}.AppStore|ARM64.ActiveCfg = Debug|Any CPU
		{55BFA0B0-09B5-4394-B37C-C74D35400560}.AppStore|ARM64.Build.0 = Debug|Any CPU
		{55BFA0B0-09B5-4394-B37C-C74D35400560}.AppStore|iPhone.ActiveCfg = Debug|Any CPU
		{55BFA0B0-09B5-4394-B37C-C74D35400560}.AppStore|iPhone.Build.0 = Debug|Any CPU
		{55BFA0B0-09B5-4394-B37C-C74D35400560}.AppStore|iPhoneSimulator.ActiveCfg = Debug|Any CPU
		{55BFA0B0-09B5-4394-B37C-C74D35400560}.AppStore|iPhoneSimulator.Build.0 = Debug|Any CPU
		{55BFA0B0-09B5-4394-B37C-C74D35400560}.AppStore|x64.ActiveCfg = Debug|Any CPU
		{55BFA0B0-09B5-4394-B37C-C74D35400560}.AppStore|x64.Build.0 = Debug|Any CPU
		{55BFA0B0-09B5-4394-B37C-C74D35400560}.AppStore|x86.ActiveCfg = Debug|Any CPU
		{55BFA0B0-09B5-4394-B37C-C74D35400560}.AppStore|x86.Build.0 = Debug|Any CPU
		{55BFA0B0-09B5-4394-B37C-C74D35400560}.Debug|Any CPU.ActiveCfg = Debug|Any CPU
		{55BFA0B0-09B5-4394-B37C-C74D35400560}.Debug|Any CPU.Build.0 = Debug|Any CPU
		{55BFA0B0-09B5-4394-B37C-C74D35400560}.Debug|ARM.ActiveCfg = Debug|Any CPU
		{55BFA0B0-09B5-4394-B37C-C74D35400560}.Debug|ARM.Build.0 = Debug|Any CPU
		{55BFA0B0-09B5-4394-B37C-C74D35400560}.Debug|ARM64.ActiveCfg = Debug|Any CPU
		{55BFA0B0-09B5-4394-B37C-C74D35400560}.Debug|ARM64.Build.0 = Debug|Any CPU
		{55BFA0B0-09B5-4394-B37C-C74D35400560}.Debug|iPhone.ActiveCfg = Debug|Any CPU
		{55BFA0B0-09B5-4394-B37C-C74D35400560}.Debug|iPhone.Build.0 = Debug|Any CPU
		{55BFA0B0-09B5-4394-B37C-C74D35400560}.Debug|iPhoneSimulator.ActiveCfg = Debug|Any CPU
		{55BFA0B0-09B5-4394-B37C-C74D35400560}.Debug|iPhoneSimulator.Build.0 = Debug|Any CPU
		{55BFA0B0-09B5-4394-B37C-C74D35400560}.Debug|x64.ActiveCfg = Debug|Any CPU
		{55BFA0B0-09B5-4394-B37C-C74D35400560}.Debug|x64.Build.0 = Debug|Any CPU
		{55BFA0B0-09B5-4394-B37C-C74D35400560}.Debug|x86.ActiveCfg = Debug|Any CPU
		{55BFA0B0-09B5-4394-B37C-C74D35400560}.Debug|x86.Build.0 = Debug|Any CPU
		{55BFA0B0-09B5-4394-B37C-C74D35400560}.Release|Any CPU.ActiveCfg = Release|Any CPU
		{55BFA0B0-09B5-4394-B37C-C74D35400560}.Release|Any CPU.Build.0 = Release|Any CPU
		{55BFA0B0-09B5-4394-B37C-C74D35400560}.Release|ARM.ActiveCfg = Release|Any CPU
		{55BFA0B0-09B5-4394-B37C-C74D35400560}.Release|ARM.Build.0 = Release|Any CPU
		{55BFA0B0-09B5-4394-B37C-C74D35400560}.Release|ARM64.ActiveCfg = Release|Any CPU
		{55BFA0B0-09B5-4394-B37C-C74D35400560}.Release|ARM64.Build.0 = Release|Any CPU
		{55BFA0B0-09B5-4394-B37C-C74D35400560}.Release|iPhone.ActiveCfg = Release|Any CPU
		{55BFA0B0-09B5-4394-B37C-C74D35400560}.Release|iPhone.Build.0 = Release|Any CPU
		{55BFA0B0-09B5-4394-B37C-C74D35400560}.Release|iPhoneSimulator.ActiveCfg = Release|Any CPU
		{55BFA0B0-09B5-4394-B37C-C74D35400560}.Release|iPhoneSimulator.Build.0 = Release|Any CPU
		{55BFA0B0-09B5-4394-B37C-C74D35400560}.Release|x64.ActiveCfg = Release|Any CPU
		{55BFA0B0-09B5-4394-B37C-C74D35400560}.Release|x64.Build.0 = Release|Any CPU
		{55BFA0B0-09B5-4394-B37C-C74D35400560}.Release|x86.ActiveCfg = Release|Any CPU
		{55BFA0B0-09B5-4394-B37C-C74D35400560}.Release|x86.Build.0 = Release|Any CPU
		{0C89DF43-7BD2-406E-BA71-ABEE801FBC56}.Ad-Hoc|Any CPU.ActiveCfg = Debug|Any CPU
		{0C89DF43-7BD2-406E-BA71-ABEE801FBC56}.Ad-Hoc|Any CPU.Build.0 = Debug|Any CPU
		{0C89DF43-7BD2-406E-BA71-ABEE801FBC56}.Ad-Hoc|ARM.ActiveCfg = Debug|Any CPU
		{0C89DF43-7BD2-406E-BA71-ABEE801FBC56}.Ad-Hoc|ARM.Build.0 = Debug|Any CPU
		{0C89DF43-7BD2-406E-BA71-ABEE801FBC56}.Ad-Hoc|ARM64.ActiveCfg = Debug|Any CPU
		{0C89DF43-7BD2-406E-BA71-ABEE801FBC56}.Ad-Hoc|ARM64.Build.0 = Debug|Any CPU
		{0C89DF43-7BD2-406E-BA71-ABEE801FBC56}.Ad-Hoc|iPhone.ActiveCfg = Debug|Any CPU
		{0C89DF43-7BD2-406E-BA71-ABEE801FBC56}.Ad-Hoc|iPhone.Build.0 = Debug|Any CPU
		{0C89DF43-7BD2-406E-BA71-ABEE801FBC56}.Ad-Hoc|iPhoneSimulator.ActiveCfg = Debug|Any CPU
		{0C89DF43-7BD2-406E-BA71-ABEE801FBC56}.Ad-Hoc|iPhoneSimulator.Build.0 = Debug|Any CPU
		{0C89DF43-7BD2-406E-BA71-ABEE801FBC56}.Ad-Hoc|x64.ActiveCfg = Debug|Any CPU
		{0C89DF43-7BD2-406E-BA71-ABEE801FBC56}.Ad-Hoc|x64.Build.0 = Debug|Any CPU
		{0C89DF43-7BD2-406E-BA71-ABEE801FBC56}.Ad-Hoc|x86.ActiveCfg = Debug|Any CPU
		{0C89DF43-7BD2-406E-BA71-ABEE801FBC56}.Ad-Hoc|x86.Build.0 = Debug|Any CPU
		{0C89DF43-7BD2-406E-BA71-ABEE801FBC56}.AppStore|Any CPU.ActiveCfg = Debug|Any CPU
		{0C89DF43-7BD2-406E-BA71-ABEE801FBC56}.AppStore|Any CPU.Build.0 = Debug|Any CPU
		{0C89DF43-7BD2-406E-BA71-ABEE801FBC56}.AppStore|ARM.ActiveCfg = Debug|Any CPU
		{0C89DF43-7BD2-406E-BA71-ABEE801FBC56}.AppStore|ARM.Build.0 = Debug|Any CPU
		{0C89DF43-7BD2-406E-BA71-ABEE801FBC56}.AppStore|ARM64.ActiveCfg = Debug|Any CPU
		{0C89DF43-7BD2-406E-BA71-ABEE801FBC56}.AppStore|ARM64.Build.0 = Debug|Any CPU
		{0C89DF43-7BD2-406E-BA71-ABEE801FBC56}.AppStore|iPhone.ActiveCfg = Debug|Any CPU
		{0C89DF43-7BD2-406E-BA71-ABEE801FBC56}.AppStore|iPhone.Build.0 = Debug|Any CPU
		{0C89DF43-7BD2-406E-BA71-ABEE801FBC56}.AppStore|iPhoneSimulator.ActiveCfg = Debug|Any CPU
		{0C89DF43-7BD2-406E-BA71-ABEE801FBC56}.AppStore|iPhoneSimulator.Build.0 = Debug|Any CPU
		{0C89DF43-7BD2-406E-BA71-ABEE801FBC56}.AppStore|x64.ActiveCfg = Debug|Any CPU
		{0C89DF43-7BD2-406E-BA71-ABEE801FBC56}.AppStore|x64.Build.0 = Debug|Any CPU
		{0C89DF43-7BD2-406E-BA71-ABEE801FBC56}.AppStore|x86.ActiveCfg = Debug|Any CPU
		{0C89DF43-7BD2-406E-BA71-ABEE801FBC56}.AppStore|x86.Build.0 = Debug|Any CPU
		{0C89DF43-7BD2-406E-BA71-ABEE801FBC56}.Debug|Any CPU.ActiveCfg = Debug|Any CPU
		{0C89DF43-7BD2-406E-BA71-ABEE801FBC56}.Debug|Any CPU.Build.0 = Debug|Any CPU
		{0C89DF43-7BD2-406E-BA71-ABEE801FBC56}.Debug|ARM.ActiveCfg = Debug|Any CPU
		{0C89DF43-7BD2-406E-BA71-ABEE801FBC56}.Debug|ARM.Build.0 = Debug|Any CPU
		{0C89DF43-7BD2-406E-BA71-ABEE801FBC56}.Debug|ARM64.ActiveCfg = Debug|Any CPU
		{0C89DF43-7BD2-406E-BA71-ABEE801FBC56}.Debug|ARM64.Build.0 = Debug|Any CPU
		{0C89DF43-7BD2-406E-BA71-ABEE801FBC56}.Debug|iPhone.ActiveCfg = Debug|Any CPU
		{0C89DF43-7BD2-406E-BA71-ABEE801FBC56}.Debug|iPhone.Build.0 = Debug|Any CPU
		{0C89DF43-7BD2-406E-BA71-ABEE801FBC56}.Debug|iPhoneSimulator.ActiveCfg = Debug|Any CPU
		{0C89DF43-7BD2-406E-BA71-ABEE801FBC56}.Debug|iPhoneSimulator.Build.0 = Debug|Any CPU
		{0C89DF43-7BD2-406E-BA71-ABEE801FBC56}.Debug|x64.ActiveCfg = Debug|Any CPU
		{0C89DF43-7BD2-406E-BA71-ABEE801FBC56}.Debug|x64.Build.0 = Debug|Any CPU
		{0C89DF43-7BD2-406E-BA71-ABEE801FBC56}.Debug|x86.ActiveCfg = Debug|Any CPU
		{0C89DF43-7BD2-406E-BA71-ABEE801FBC56}.Debug|x86.Build.0 = Debug|Any CPU
		{0C89DF43-7BD2-406E-BA71-ABEE801FBC56}.Release|Any CPU.ActiveCfg = Release|Any CPU
		{0C89DF43-7BD2-406E-BA71-ABEE801FBC56}.Release|Any CPU.Build.0 = Release|Any CPU
		{0C89DF43-7BD2-406E-BA71-ABEE801FBC56}.Release|ARM.ActiveCfg = Release|Any CPU
		{0C89DF43-7BD2-406E-BA71-ABEE801FBC56}.Release|ARM.Build.0 = Release|Any CPU
		{0C89DF43-7BD2-406E-BA71-ABEE801FBC56}.Release|ARM64.ActiveCfg = Release|Any CPU
		{0C89DF43-7BD2-406E-BA71-ABEE801FBC56}.Release|ARM64.Build.0 = Release|Any CPU
		{0C89DF43-7BD2-406E-BA71-ABEE801FBC56}.Release|iPhone.ActiveCfg = Release|Any CPU
		{0C89DF43-7BD2-406E-BA71-ABEE801FBC56}.Release|iPhone.Build.0 = Release|Any CPU
		{0C89DF43-7BD2-406E-BA71-ABEE801FBC56}.Release|iPhoneSimulator.ActiveCfg = Release|Any CPU
		{0C89DF43-7BD2-406E-BA71-ABEE801FBC56}.Release|iPhoneSimulator.Build.0 = Release|Any CPU
		{0C89DF43-7BD2-406E-BA71-ABEE801FBC56}.Release|x64.ActiveCfg = Release|Any CPU
		{0C89DF43-7BD2-406E-BA71-ABEE801FBC56}.Release|x64.Build.0 = Release|Any CPU
		{0C89DF43-7BD2-406E-BA71-ABEE801FBC56}.Release|x86.ActiveCfg = Release|Any CPU
		{0C89DF43-7BD2-406E-BA71-ABEE801FBC56}.Release|x86.Build.0 = Release|Any CPU
		{26159237-C5DD-4774-AAE7-2F37D3BEEAC4}.Ad-Hoc|Any CPU.ActiveCfg = Debug|Any CPU
		{26159237-C5DD-4774-AAE7-2F37D3BEEAC4}.Ad-Hoc|Any CPU.Build.0 = Debug|Any CPU
		{26159237-C5DD-4774-AAE7-2F37D3BEEAC4}.Ad-Hoc|ARM.ActiveCfg = Debug|Any CPU
		{26159237-C5DD-4774-AAE7-2F37D3BEEAC4}.Ad-Hoc|ARM.Build.0 = Debug|Any CPU
		{26159237-C5DD-4774-AAE7-2F37D3BEEAC4}.Ad-Hoc|ARM64.ActiveCfg = Debug|Any CPU
		{26159237-C5DD-4774-AAE7-2F37D3BEEAC4}.Ad-Hoc|ARM64.Build.0 = Debug|Any CPU
		{26159237-C5DD-4774-AAE7-2F37D3BEEAC4}.Ad-Hoc|iPhone.ActiveCfg = Debug|Any CPU
		{26159237-C5DD-4774-AAE7-2F37D3BEEAC4}.Ad-Hoc|iPhone.Build.0 = Debug|Any CPU
		{26159237-C5DD-4774-AAE7-2F37D3BEEAC4}.Ad-Hoc|iPhoneSimulator.ActiveCfg = Debug|Any CPU
		{26159237-C5DD-4774-AAE7-2F37D3BEEAC4}.Ad-Hoc|iPhoneSimulator.Build.0 = Debug|Any CPU
		{26159237-C5DD-4774-AAE7-2F37D3BEEAC4}.Ad-Hoc|x64.ActiveCfg = Debug|Any CPU
		{26159237-C5DD-4774-AAE7-2F37D3BEEAC4}.Ad-Hoc|x64.Build.0 = Debug|Any CPU
		{26159237-C5DD-4774-AAE7-2F37D3BEEAC4}.Ad-Hoc|x86.ActiveCfg = Debug|Any CPU
		{26159237-C5DD-4774-AAE7-2F37D3BEEAC4}.Ad-Hoc|x86.Build.0 = Debug|Any CPU
		{26159237-C5DD-4774-AAE7-2F37D3BEEAC4}.AppStore|Any CPU.ActiveCfg = Debug|Any CPU
		{26159237-C5DD-4774-AAE7-2F37D3BEEAC4}.AppStore|Any CPU.Build.0 = Debug|Any CPU
		{26159237-C5DD-4774-AAE7-2F37D3BEEAC4}.AppStore|ARM.ActiveCfg = Debug|Any CPU
		{26159237-C5DD-4774-AAE7-2F37D3BEEAC4}.AppStore|ARM.Build.0 = Debug|Any CPU
		{26159237-C5DD-4774-AAE7-2F37D3BEEAC4}.AppStore|ARM64.ActiveCfg = Debug|Any CPU
		{26159237-C5DD-4774-AAE7-2F37D3BEEAC4}.AppStore|ARM64.Build.0 = Debug|Any CPU
		{26159237-C5DD-4774-AAE7-2F37D3BEEAC4}.AppStore|iPhone.ActiveCfg = Debug|Any CPU
		{26159237-C5DD-4774-AAE7-2F37D3BEEAC4}.AppStore|iPhone.Build.0 = Debug|Any CPU
		{26159237-C5DD-4774-AAE7-2F37D3BEEAC4}.AppStore|iPhoneSimulator.ActiveCfg = Debug|Any CPU
		{26159237-C5DD-4774-AAE7-2F37D3BEEAC4}.AppStore|iPhoneSimulator.Build.0 = Debug|Any CPU
		{26159237-C5DD-4774-AAE7-2F37D3BEEAC4}.AppStore|x64.ActiveCfg = Debug|Any CPU
		{26159237-C5DD-4774-AAE7-2F37D3BEEAC4}.AppStore|x64.Build.0 = Debug|Any CPU
		{26159237-C5DD-4774-AAE7-2F37D3BEEAC4}.AppStore|x86.ActiveCfg = Debug|Any CPU
		{26159237-C5DD-4774-AAE7-2F37D3BEEAC4}.AppStore|x86.Build.0 = Debug|Any CPU
		{26159237-C5DD-4774-AAE7-2F37D3BEEAC4}.Debug|Any CPU.ActiveCfg = Debug|Any CPU
		{26159237-C5DD-4774-AAE7-2F37D3BEEAC4}.Debug|Any CPU.Build.0 = Debug|Any CPU
		{26159237-C5DD-4774-AAE7-2F37D3BEEAC4}.Debug|ARM.ActiveCfg = Debug|Any CPU
		{26159237-C5DD-4774-AAE7-2F37D3BEEAC4}.Debug|ARM.Build.0 = Debug|Any CPU
		{26159237-C5DD-4774-AAE7-2F37D3BEEAC4}.Debug|ARM64.ActiveCfg = Debug|Any CPU
		{26159237-C5DD-4774-AAE7-2F37D3BEEAC4}.Debug|ARM64.Build.0 = Debug|Any CPU
		{26159237-C5DD-4774-AAE7-2F37D3BEEAC4}.Debug|iPhone.ActiveCfg = Debug|Any CPU
		{26159237-C5DD-4774-AAE7-2F37D3BEEAC4}.Debug|iPhone.Build.0 = Debug|Any CPU
		{26159237-C5DD-4774-AAE7-2F37D3BEEAC4}.Debug|iPhoneSimulator.ActiveCfg = Debug|Any CPU
		{26159237-C5DD-4774-AAE7-2F37D3BEEAC4}.Debug|iPhoneSimulator.Build.0 = Debug|Any CPU
		{26159237-C5DD-4774-AAE7-2F37D3BEEAC4}.Debug|x64.ActiveCfg = Debug|Any CPU
		{26159237-C5DD-4774-AAE7-2F37D3BEEAC4}.Debug|x64.Build.0 = Debug|Any CPU
		{26159237-C5DD-4774-AAE7-2F37D3BEEAC4}.Debug|x86.ActiveCfg = Debug|Any CPU
		{26159237-C5DD-4774-AAE7-2F37D3BEEAC4}.Debug|x86.Build.0 = Debug|Any CPU
		{26159237-C5DD-4774-AAE7-2F37D3BEEAC4}.Release|Any CPU.ActiveCfg = Release|Any CPU
		{26159237-C5DD-4774-AAE7-2F37D3BEEAC4}.Release|Any CPU.Build.0 = Release|Any CPU
		{26159237-C5DD-4774-AAE7-2F37D3BEEAC4}.Release|ARM.ActiveCfg = Release|Any CPU
		{26159237-C5DD-4774-AAE7-2F37D3BEEAC4}.Release|ARM.Build.0 = Release|Any CPU
		{26159237-C5DD-4774-AAE7-2F37D3BEEAC4}.Release|ARM64.ActiveCfg = Release|Any CPU
		{26159237-C5DD-4774-AAE7-2F37D3BEEAC4}.Release|ARM64.Build.0 = Release|Any CPU
		{26159237-C5DD-4774-AAE7-2F37D3BEEAC4}.Release|iPhone.ActiveCfg = Release|Any CPU
		{26159237-C5DD-4774-AAE7-2F37D3BEEAC4}.Release|iPhone.Build.0 = Release|Any CPU
		{26159237-C5DD-4774-AAE7-2F37D3BEEAC4}.Release|iPhoneSimulator.ActiveCfg = Release|Any CPU
		{26159237-C5DD-4774-AAE7-2F37D3BEEAC4}.Release|iPhoneSimulator.Build.0 = Release|Any CPU
		{26159237-C5DD-4774-AAE7-2F37D3BEEAC4}.Release|x64.ActiveCfg = Release|Any CPU
		{26159237-C5DD-4774-AAE7-2F37D3BEEAC4}.Release|x64.Build.0 = Release|Any CPU
		{26159237-C5DD-4774-AAE7-2F37D3BEEAC4}.Release|x86.ActiveCfg = Release|Any CPU
		{26159237-C5DD-4774-AAE7-2F37D3BEEAC4}.Release|x86.Build.0 = Release|Any CPU
		{BE67216F-F3FF-4229-AACA-C0495E0A8CA5}.Ad-Hoc|Any CPU.ActiveCfg = Debug|Any CPU
		{BE67216F-F3FF-4229-AACA-C0495E0A8CA5}.Ad-Hoc|Any CPU.Build.0 = Debug|Any CPU
		{BE67216F-F3FF-4229-AACA-C0495E0A8CA5}.Ad-Hoc|ARM.ActiveCfg = Debug|Any CPU
		{BE67216F-F3FF-4229-AACA-C0495E0A8CA5}.Ad-Hoc|ARM.Build.0 = Debug|Any CPU
		{BE67216F-F3FF-4229-AACA-C0495E0A8CA5}.Ad-Hoc|ARM64.ActiveCfg = Debug|Any CPU
		{BE67216F-F3FF-4229-AACA-C0495E0A8CA5}.Ad-Hoc|ARM64.Build.0 = Debug|Any CPU
		{BE67216F-F3FF-4229-AACA-C0495E0A8CA5}.Ad-Hoc|iPhone.ActiveCfg = Debug|Any CPU
		{BE67216F-F3FF-4229-AACA-C0495E0A8CA5}.Ad-Hoc|iPhone.Build.0 = Debug|Any CPU
		{BE67216F-F3FF-4229-AACA-C0495E0A8CA5}.Ad-Hoc|iPhoneSimulator.ActiveCfg = Debug|Any CPU
		{BE67216F-F3FF-4229-AACA-C0495E0A8CA5}.Ad-Hoc|iPhoneSimulator.Build.0 = Debug|Any CPU
		{BE67216F-F3FF-4229-AACA-C0495E0A8CA5}.Ad-Hoc|x64.ActiveCfg = Debug|Any CPU
		{BE67216F-F3FF-4229-AACA-C0495E0A8CA5}.Ad-Hoc|x64.Build.0 = Debug|Any CPU
		{BE67216F-F3FF-4229-AACA-C0495E0A8CA5}.Ad-Hoc|x86.ActiveCfg = Debug|Any CPU
		{BE67216F-F3FF-4229-AACA-C0495E0A8CA5}.Ad-Hoc|x86.Build.0 = Debug|Any CPU
		{BE67216F-F3FF-4229-AACA-C0495E0A8CA5}.AppStore|Any CPU.ActiveCfg = Debug|Any CPU
		{BE67216F-F3FF-4229-AACA-C0495E0A8CA5}.AppStore|Any CPU.Build.0 = Debug|Any CPU
		{BE67216F-F3FF-4229-AACA-C0495E0A8CA5}.AppStore|ARM.ActiveCfg = Debug|Any CPU
		{BE67216F-F3FF-4229-AACA-C0495E0A8CA5}.AppStore|ARM.Build.0 = Debug|Any CPU
		{BE67216F-F3FF-4229-AACA-C0495E0A8CA5}.AppStore|ARM64.ActiveCfg = Debug|Any CPU
		{BE67216F-F3FF-4229-AACA-C0495E0A8CA5}.AppStore|ARM64.Build.0 = Debug|Any CPU
		{BE67216F-F3FF-4229-AACA-C0495E0A8CA5}.AppStore|iPhone.ActiveCfg = Debug|Any CPU
		{BE67216F-F3FF-4229-AACA-C0495E0A8CA5}.AppStore|iPhone.Build.0 = Debug|Any CPU
		{BE67216F-F3FF-4229-AACA-C0495E0A8CA5}.AppStore|iPhoneSimulator.ActiveCfg = Debug|Any CPU
		{BE67216F-F3FF-4229-AACA-C0495E0A8CA5}.AppStore|iPhoneSimulator.Build.0 = Debug|Any CPU
		{BE67216F-F3FF-4229-AACA-C0495E0A8CA5}.AppStore|x64.ActiveCfg = Debug|Any CPU
		{BE67216F-F3FF-4229-AACA-C0495E0A8CA5}.AppStore|x64.Build.0 = Debug|Any CPU
		{BE67216F-F3FF-4229-AACA-C0495E0A8CA5}.AppStore|x86.ActiveCfg = Debug|Any CPU
		{BE67216F-F3FF-4229-AACA-C0495E0A8CA5}.AppStore|x86.Build.0 = Debug|Any CPU
		{BE67216F-F3FF-4229-AACA-C0495E0A8CA5}.Debug|Any CPU.ActiveCfg = Debug|Any CPU
		{BE67216F-F3FF-4229-AACA-C0495E0A8CA5}.Debug|Any CPU.Build.0 = Debug|Any CPU
		{BE67216F-F3FF-4229-AACA-C0495E0A8CA5}.Debug|ARM.ActiveCfg = Debug|Any CPU
		{BE67216F-F3FF-4229-AACA-C0495E0A8CA5}.Debug|ARM.Build.0 = Debug|Any CPU
		{BE67216F-F3FF-4229-AACA-C0495E0A8CA5}.Debug|ARM64.ActiveCfg = Debug|Any CPU
		{BE67216F-F3FF-4229-AACA-C0495E0A8CA5}.Debug|ARM64.Build.0 = Debug|Any CPU
		{BE67216F-F3FF-4229-AACA-C0495E0A8CA5}.Debug|iPhone.ActiveCfg = Debug|Any CPU
		{BE67216F-F3FF-4229-AACA-C0495E0A8CA5}.Debug|iPhone.Build.0 = Debug|Any CPU
		{BE67216F-F3FF-4229-AACA-C0495E0A8CA5}.Debug|iPhoneSimulator.ActiveCfg = Debug|Any CPU
		{BE67216F-F3FF-4229-AACA-C0495E0A8CA5}.Debug|iPhoneSimulator.Build.0 = Debug|Any CPU
		{BE67216F-F3FF-4229-AACA-C0495E0A8CA5}.Debug|x64.ActiveCfg = Debug|Any CPU
		{BE67216F-F3FF-4229-AACA-C0495E0A8CA5}.Debug|x64.Build.0 = Debug|Any CPU
		{BE67216F-F3FF-4229-AACA-C0495E0A8CA5}.Debug|x86.ActiveCfg = Debug|Any CPU
		{BE67216F-F3FF-4229-AACA-C0495E0A8CA5}.Debug|x86.Build.0 = Debug|Any CPU
		{BE67216F-F3FF-4229-AACA-C0495E0A8CA5}.Release|Any CPU.ActiveCfg = Release|Any CPU
		{BE67216F-F3FF-4229-AACA-C0495E0A8CA5}.Release|Any CPU.Build.0 = Release|Any CPU
		{BE67216F-F3FF-4229-AACA-C0495E0A8CA5}.Release|ARM.ActiveCfg = Release|Any CPU
		{BE67216F-F3FF-4229-AACA-C0495E0A8CA5}.Release|ARM.Build.0 = Release|Any CPU
		{BE67216F-F3FF-4229-AACA-C0495E0A8CA5}.Release|ARM64.ActiveCfg = Release|Any CPU
		{BE67216F-F3FF-4229-AACA-C0495E0A8CA5}.Release|ARM64.Build.0 = Release|Any CPU
		{BE67216F-F3FF-4229-AACA-C0495E0A8CA5}.Release|iPhone.ActiveCfg = Release|Any CPU
		{BE67216F-F3FF-4229-AACA-C0495E0A8CA5}.Release|iPhone.Build.0 = Release|Any CPU
		{BE67216F-F3FF-4229-AACA-C0495E0A8CA5}.Release|iPhoneSimulator.ActiveCfg = Release|Any CPU
		{BE67216F-F3FF-4229-AACA-C0495E0A8CA5}.Release|iPhoneSimulator.Build.0 = Release|Any CPU
		{BE67216F-F3FF-4229-AACA-C0495E0A8CA5}.Release|x64.ActiveCfg = Release|Any CPU
		{BE67216F-F3FF-4229-AACA-C0495E0A8CA5}.Release|x64.Build.0 = Release|Any CPU
		{BE67216F-F3FF-4229-AACA-C0495E0A8CA5}.Release|x86.ActiveCfg = Release|Any CPU
		{BE67216F-F3FF-4229-AACA-C0495E0A8CA5}.Release|x86.Build.0 = Release|Any CPU
		{465C630A-FF10-49CC-BE62-6B46FA692BEA}.Ad-Hoc|Any CPU.ActiveCfg = Debug|Any CPU
		{465C630A-FF10-49CC-BE62-6B46FA692BEA}.Ad-Hoc|Any CPU.Build.0 = Debug|Any CPU
		{465C630A-FF10-49CC-BE62-6B46FA692BEA}.Ad-Hoc|ARM.ActiveCfg = Debug|Any CPU
		{465C630A-FF10-49CC-BE62-6B46FA692BEA}.Ad-Hoc|ARM.Build.0 = Debug|Any CPU
		{465C630A-FF10-49CC-BE62-6B46FA692BEA}.Ad-Hoc|ARM64.ActiveCfg = Debug|Any CPU
		{465C630A-FF10-49CC-BE62-6B46FA692BEA}.Ad-Hoc|ARM64.Build.0 = Debug|Any CPU
		{465C630A-FF10-49CC-BE62-6B46FA692BEA}.Ad-Hoc|iPhone.ActiveCfg = Debug|Any CPU
		{465C630A-FF10-49CC-BE62-6B46FA692BEA}.Ad-Hoc|iPhone.Build.0 = Debug|Any CPU
		{465C630A-FF10-49CC-BE62-6B46FA692BEA}.Ad-Hoc|iPhoneSimulator.ActiveCfg = Debug|Any CPU
		{465C630A-FF10-49CC-BE62-6B46FA692BEA}.Ad-Hoc|iPhoneSimulator.Build.0 = Debug|Any CPU
		{465C630A-FF10-49CC-BE62-6B46FA692BEA}.Ad-Hoc|x64.ActiveCfg = Debug|Any CPU
		{465C630A-FF10-49CC-BE62-6B46FA692BEA}.Ad-Hoc|x64.Build.0 = Debug|Any CPU
		{465C630A-FF10-49CC-BE62-6B46FA692BEA}.Ad-Hoc|x86.ActiveCfg = Debug|Any CPU
		{465C630A-FF10-49CC-BE62-6B46FA692BEA}.Ad-Hoc|x86.Build.0 = Debug|Any CPU
		{465C630A-FF10-49CC-BE62-6B46FA692BEA}.AppStore|Any CPU.ActiveCfg = Debug|Any CPU
		{465C630A-FF10-49CC-BE62-6B46FA692BEA}.AppStore|Any CPU.Build.0 = Debug|Any CPU
		{465C630A-FF10-49CC-BE62-6B46FA692BEA}.AppStore|ARM.ActiveCfg = Debug|Any CPU
		{465C630A-FF10-49CC-BE62-6B46FA692BEA}.AppStore|ARM.Build.0 = Debug|Any CPU
		{465C630A-FF10-49CC-BE62-6B46FA692BEA}.AppStore|ARM64.ActiveCfg = Debug|Any CPU
		{465C630A-FF10-49CC-BE62-6B46FA692BEA}.AppStore|ARM64.Build.0 = Debug|Any CPU
		{465C630A-FF10-49CC-BE62-6B46FA692BEA}.AppStore|iPhone.ActiveCfg = Debug|Any CPU
		{465C630A-FF10-49CC-BE62-6B46FA692BEA}.AppStore|iPhone.Build.0 = Debug|Any CPU
		{465C630A-FF10-49CC-BE62-6B46FA692BEA}.AppStore|iPhoneSimulator.ActiveCfg = Debug|Any CPU
		{465C630A-FF10-49CC-BE62-6B46FA692BEA}.AppStore|iPhoneSimulator.Build.0 = Debug|Any CPU
		{465C630A-FF10-49CC-BE62-6B46FA692BEA}.AppStore|x64.ActiveCfg = Debug|Any CPU
		{465C630A-FF10-49CC-BE62-6B46FA692BEA}.AppStore|x64.Build.0 = Debug|Any CPU
		{465C630A-FF10-49CC-BE62-6B46FA692BEA}.AppStore|x86.ActiveCfg = Debug|Any CPU
		{465C630A-FF10-49CC-BE62-6B46FA692BEA}.AppStore|x86.Build.0 = Debug|Any CPU
		{465C630A-FF10-49CC-BE62-6B46FA692BEA}.Debug|Any CPU.ActiveCfg = Debug|Any CPU
		{465C630A-FF10-49CC-BE62-6B46FA692BEA}.Debug|Any CPU.Build.0 = Debug|Any CPU
		{465C630A-FF10-49CC-BE62-6B46FA692BEA}.Debug|ARM.ActiveCfg = Debug|Any CPU
		{465C630A-FF10-49CC-BE62-6B46FA692BEA}.Debug|ARM.Build.0 = Debug|Any CPU
		{465C630A-FF10-49CC-BE62-6B46FA692BEA}.Debug|ARM64.ActiveCfg = Debug|Any CPU
		{465C630A-FF10-49CC-BE62-6B46FA692BEA}.Debug|ARM64.Build.0 = Debug|Any CPU
		{465C630A-FF10-49CC-BE62-6B46FA692BEA}.Debug|iPhone.ActiveCfg = Debug|Any CPU
		{465C630A-FF10-49CC-BE62-6B46FA692BEA}.Debug|iPhone.Build.0 = Debug|Any CPU
		{465C630A-FF10-49CC-BE62-6B46FA692BEA}.Debug|iPhoneSimulator.ActiveCfg = Debug|Any CPU
		{465C630A-FF10-49CC-BE62-6B46FA692BEA}.Debug|iPhoneSimulator.Build.0 = Debug|Any CPU
		{465C630A-FF10-49CC-BE62-6B46FA692BEA}.Debug|x64.ActiveCfg = Debug|Any CPU
		{465C630A-FF10-49CC-BE62-6B46FA692BEA}.Debug|x64.Build.0 = Debug|Any CPU
		{465C630A-FF10-49CC-BE62-6B46FA692BEA}.Debug|x86.ActiveCfg = Debug|Any CPU
		{465C630A-FF10-49CC-BE62-6B46FA692BEA}.Debug|x86.Build.0 = Debug|Any CPU
		{465C630A-FF10-49CC-BE62-6B46FA692BEA}.Release|Any CPU.ActiveCfg = Release|Any CPU
		{465C630A-FF10-49CC-BE62-6B46FA692BEA}.Release|Any CPU.Build.0 = Release|Any CPU
		{465C630A-FF10-49CC-BE62-6B46FA692BEA}.Release|ARM.ActiveCfg = Release|Any CPU
		{465C630A-FF10-49CC-BE62-6B46FA692BEA}.Release|ARM.Build.0 = Release|Any CPU
		{465C630A-FF10-49CC-BE62-6B46FA692BEA}.Release|ARM64.ActiveCfg = Release|Any CPU
		{465C630A-FF10-49CC-BE62-6B46FA692BEA}.Release|ARM64.Build.0 = Release|Any CPU
		{465C630A-FF10-49CC-BE62-6B46FA692BEA}.Release|iPhone.ActiveCfg = Release|Any CPU
		{465C630A-FF10-49CC-BE62-6B46FA692BEA}.Release|iPhone.Build.0 = Release|Any CPU
		{465C630A-FF10-49CC-BE62-6B46FA692BEA}.Release|iPhoneSimulator.ActiveCfg = Release|Any CPU
		{465C630A-FF10-49CC-BE62-6B46FA692BEA}.Release|iPhoneSimulator.Build.0 = Release|Any CPU
		{465C630A-FF10-49CC-BE62-6B46FA692BEA}.Release|x64.ActiveCfg = Release|Any CPU
		{465C630A-FF10-49CC-BE62-6B46FA692BEA}.Release|x64.Build.0 = Release|Any CPU
		{465C630A-FF10-49CC-BE62-6B46FA692BEA}.Release|x86.ActiveCfg = Release|Any CPU
		{465C630A-FF10-49CC-BE62-6B46FA692BEA}.Release|x86.Build.0 = Release|Any CPU
	EndGlobalSection
	GlobalSection(SolutionProperties) = preSolution
		HideSolutionNode = FALSE
	EndGlobalSection
	GlobalSection(NestedProjects) = preSolution
		{D4B857BD-D602-477B-B673-069B624939B6} = {9511CCB0-FB97-4EF3-8BCA-CF6041D8839B}
		{798A638C-672B-463B-A6B2-B4A8AF5340BA} = {9511CCB0-FB97-4EF3-8BCA-CF6041D8839B}
		{412006BE-CA17-4182-A765-E771A8D71E50} = {9511CCB0-FB97-4EF3-8BCA-CF6041D8839B}
		{E689AC9B-CF38-4E01-83A9-9C720C765881} = {9511CCB0-FB97-4EF3-8BCA-CF6041D8839B}
		{AA2C5DA1-A8E8-4779-971C-DF275750AC35} = {9511CCB0-FB97-4EF3-8BCA-CF6041D8839B}
		{55BFA0B0-09B5-4394-B37C-C74D35400560} = {9511CCB0-FB97-4EF3-8BCA-CF6041D8839B}
		{0C89DF43-7BD2-406E-BA71-ABEE801FBC56} = {9511CCB0-FB97-4EF3-8BCA-CF6041D8839B}
		{26159237-C5DD-4774-AAE7-2F37D3BEEAC4} = {9511CCB0-FB97-4EF3-8BCA-CF6041D8839B}
		{BE67216F-F3FF-4229-AACA-C0495E0A8CA5} = {9511CCB0-FB97-4EF3-8BCA-CF6041D8839B}
	EndGlobalSection
	GlobalSection(ExtensibilityGlobals) = postSolution
		SolutionGuid = {32D858EF-3C2F-4BBD-A303-CA05755CD544}
	EndGlobalSection
EndGlobal
