
Microsoft Visual Studio Solution File, Format Version 12.00
# Visual Studio Version 17
VisualStudioVersion = 17.0.32126.317
MinimumVisualStudioVersion = 10.0.40219.1
Project("{9A19103F-16F7-4668-BE54-9A1E7A4F7556}") = "P42.Uno.HardwareKeys", "P42.Uno.HardwareKeys\P42.Uno.HardwareKeys.csproj", "{465C630A-FF10-49CC-BE62-6B46FA692BEA}"
EndProject
Project("{9A19103F-16F7-4668-BE54-9A1E7A4F7556}") = "Demo", "Demo\Demo\Demo.csproj", "{B27ED756-F20A-48F7-BB07-89655B412329}"
EndProject
Global
	GlobalSection(SolutionConfigurationPlatforms) = preSolution
		Ad-Hoc|Any CPU = Ad-Hoc|Any CPU
		Ad-Hoc|ARM = Ad-Hoc|ARM
		Ad-Hoc|ARM64 = Ad-Hoc|ARM64
		Ad-Hoc|iPhone = Ad-Hoc|iPhone
		Ad-Hoc|iPhoneSimulator = Ad-Hoc|iPhoneSimulator
		Ad-Hoc|x64 = Ad-Hoc|x64
		Ad-Hoc|x86 = Ad-Hoc|x86
		AppStore|Any CPU = AppStore|Any CPU
		AppStore|ARM = AppStore|ARM
		AppStore|ARM64 = AppStore|ARM64
		AppStore|iPhone = AppStore|iPhone
		AppStore|iPhoneSimulator = AppStore|iPhoneSimulator
		AppStore|x64 = AppStore|x64
		AppStore|x86 = AppStore|x86
		Debug|Any CPU = Debug|Any CPU
		Debug|ARM = Debug|ARM
		Debug|ARM64 = Debug|ARM64
		Debug|iPhone = Debug|iPhone
		Debug|iPhoneSimulator = Debug|iPhoneSimulator
		Debug|x64 = Debug|x64
		Debug|x86 = Debug|x86
		Release|Any CPU = Release|Any CPU
		Release|ARM = Release|ARM
		Release|ARM64 = Release|ARM64
		Release|iPhone = Release|iPhone
		Release|iPhoneSimulator = Release|iPhoneSimulator
		Release|x64 = Release|x64
		Release|x86 = Release|x86
	EndGlobalSection
	GlobalSection(ProjectConfigurationPlatforms) = postSolution
		{465C630A-FF10-49CC-BE62-6B46FA692BEA}.Ad-Hoc|Any CPU.ActiveCfg = Debug|Any CPU
		{465C630A-FF10-49CC-BE62-6B46FA692BEA}.Ad-Hoc|Any CPU.Build.0 = Debug|Any CPU
		{465C630A-FF10-49CC-BE62-6B46FA692BEA}.Ad-Hoc|ARM.ActiveCfg = Debug|Any CPU
		{465C630A-FF10-49CC-BE62-6B46FA692BEA}.Ad-Hoc|ARM.Build.0 = Debug|Any CPU
		{465C630A-FF10-49CC-BE62-6B46FA692BEA}.Ad-Hoc|ARM64.ActiveCfg = Debug|Any CPU
		{465C630A-FF10-49CC-BE62-6B46FA692BEA}.Ad-Hoc|ARM64.Build.0 = Debug|Any CPU
		{465C630A-FF10-49CC-BE62-6B46FA692BEA}.Ad-Hoc|iPhone.ActiveCfg = Debug|Any CPU
		{465C630A-FF10-49CC-BE62-6B46FA692BEA}.Ad-Hoc|iPhone.Build.0 = Debug|Any CPU
		{465C630A-FF10-49CC-BE62-6B46FA692BEA}.Ad-Hoc|iPhoneSimulator.ActiveCfg = Debug|Any CPU
		{465C630A-FF10-49CC-BE62-6B46FA692BEA}.Ad-Hoc|iPhoneSimulator.Build.0 = Debug|Any CPU
		{465C630A-FF10-49CC-BE62-6B46FA692BEA}.Ad-Hoc|x64.ActiveCfg = Debug|Any CPU
		{465C630A-FF10-49CC-BE62-6B46FA692BEA}.Ad-Hoc|x64.Build.0 = Debug|Any CPU
		{465C630A-FF10-49CC-BE62-6B46FA692BEA}.Ad-Hoc|x86.ActiveCfg = Debug|Any CPU
		{465C630A-FF10-49CC-BE62-6B46FA692BEA}.Ad-Hoc|x86.Build.0 = Debug|Any CPU
		{465C630A-FF10-49CC-BE62-6B46FA692BEA}.AppStore|Any CPU.ActiveCfg = Debug|Any CPU
		{465C630A-FF10-49CC-BE62-6B46FA692BEA}.AppStore|Any CPU.Build.0 = Debug|Any CPU
		{465C630A-FF10-49CC-BE62-6B46FA692BEA}.AppStore|ARM.ActiveCfg = Debug|Any CPU
		{465C630A-FF10-49CC-BE62-6B46FA692BEA}.AppStore|ARM.Build.0 = Debug|Any CPU
		{465C630A-FF10-49CC-BE62-6B46FA692BEA}.AppStore|ARM64.ActiveCfg = Debug|Any CPU
		{465C630A-FF10-49CC-BE62-6B46FA692BEA}.AppStore|ARM64.Build.0 = Debug|Any CPU
		{465C630A-FF10-49CC-BE62-6B46FA692BEA}.AppStore|iPhone.ActiveCfg = Debug|Any CPU
		{465C630A-FF10-49CC-BE62-6B46FA692BEA}.AppStore|iPhone.Build.0 = Debug|Any CPU
		{465C630A-FF10-49CC-BE62-6B46FA692BEA}.AppStore|iPhoneSimulator.ActiveCfg = Debug|Any CPU
		{465C630A-FF10-49CC-BE62-6B46FA692BEA}.AppStore|iPhoneSimulator.Build.0 = Debug|Any CPU
		{465C630A-FF10-49CC-BE62-6B46FA692BEA}.AppStore|x64.ActiveCfg = Debug|Any CPU
		{465C630A-FF10-49CC-BE62-6B46FA692BEA}.AppStore|x64.Build.0 = Debug|Any CPU
		{465C630A-FF10-49CC-BE62-6B46FA692BEA}.AppStore|x86.ActiveCfg = Debug|Any CPU
		{465C630A-FF10-49CC-BE62-6B46FA692BEA}.AppStore|x86.Build.0 = Debug|Any CPU
		{465C630A-FF10-49CC-BE62-6B46FA692BEA}.Debug|Any CPU.ActiveCfg = Debug|Any CPU
		{465C630A-FF10-49CC-BE62-6B46FA692BEA}.Debug|Any CPU.Build.0 = Debug|Any CPU
		{465C630A-FF10-49CC-BE62-6B46FA692BEA}.Debug|ARM.ActiveCfg = Debug|Any CPU
		{465C630A-FF10-49CC-BE62-6B46FA692BEA}.Debug|ARM.Build.0 = Debug|Any CPU
		{465C630A-FF10-49CC-BE62-6B46FA692BEA}.Debug|ARM64.ActiveCfg = Debug|Any CPU
		{465C630A-FF10-49CC-BE62-6B46FA692BEA}.Debug|ARM64.Build.0 = Debug|Any CPU
		{465C630A-FF10-49CC-BE62-6B46FA692BEA}.Debug|iPhone.ActiveCfg = Debug|Any CPU
		{465C630A-FF10-49CC-BE62-6B46FA692BEA}.Debug|iPhone.Build.0 = Debug|Any CPU
		{465C630A-FF10-49CC-BE62-6B46FA692BEA}.Debug|iPhoneSimulator.ActiveCfg = Debug|Any CPU
		{465C630A-FF10-49CC-BE62-6B46FA692BEA}.Debug|iPhoneSimulator.Build.0 = Debug|Any CPU
		{465C630A-FF10-49CC-BE62-6B46FA692BEA}.Debug|x64.ActiveCfg = Debug|Any CPU
		{465C630A-FF10-49CC-BE62-6B46FA692BEA}.Debug|x64.Build.0 = Debug|Any CPU
		{465C630A-FF10-49CC-BE62-6B46FA692BEA}.Debug|x86.ActiveCfg = Debug|Any CPU
		{465C630A-FF10-49CC-BE62-6B46FA692BEA}.Debug|x86.Build.0 = Debug|Any CPU
		{465C630A-FF10-49CC-BE62-6B46FA692BEA}.Release|Any CPU.ActiveCfg = Release|Any CPU
		{465C630A-FF10-49CC-BE62-6B46FA692BEA}.Release|Any CPU.Build.0 = Release|Any CPU
		{465C630A-FF10-49CC-BE62-6B46FA692BEA}.Release|ARM.ActiveCfg = Release|Any CPU
		{465C630A-FF10-49CC-BE62-6B46FA692BEA}.Release|ARM.Build.0 = Release|Any CPU
		{465C630A-FF10-49CC-BE62-6B46FA692BEA}.Release|ARM64.ActiveCfg = Release|Any CPU
		{465C630A-FF10-49CC-BE62-6B46FA692BEA}.Release|ARM64.Build.0 = Release|Any CPU
		{465C630A-FF10-49CC-BE62-6B46FA692BEA}.Release|iPhone.ActiveCfg = Release|Any CPU
		{465C630A-FF10-49CC-BE62-6B46FA692BEA}.Release|iPhone.Build.0 = Release|Any CPU
		{465C630A-FF10-49CC-BE62-6B46FA692BEA}.Release|iPhoneSimulator.ActiveCfg = Release|Any CPU
		{465C630A-FF10-49CC-BE62-6B46FA692BEA}.Release|iPhoneSimulator.Build.0 = Release|Any CPU
		{465C630A-FF10-49CC-BE62-6B46FA692BEA}.Release|x64.ActiveCfg = Release|Any CPU
		{465C630A-FF10-49CC-BE62-6B46FA692BEA}.Release|x64.Build.0 = Release|Any CPU
		{465C630A-FF10-49CC-BE62-6B46FA692BEA}.Release|x86.ActiveCfg = Release|Any CPU
		{465C630A-FF10-49CC-BE62-6B46FA692BEA}.Release|x86.Build.0 = Release|Any CPU
		{B27ED756-F20A-48F7-BB07-89655B412329}.Ad-Hoc|Any CPU.ActiveCfg = Debug|Any CPU
		{B27ED756-F20A-48F7-BB07-89655B412329}.Ad-Hoc|Any CPU.Build.0 = Debug|Any CPU
		{B27ED756-F20A-48F7-BB07-89655B412329}.Ad-Hoc|ARM.ActiveCfg = Debug|Any CPU
		{B27ED756-F20A-48F7-BB07-89655B412329}.Ad-Hoc|ARM.Build.0 = Debug|Any CPU
		{B27ED756-F20A-48F7-BB07-89655B412329}.Ad-Hoc|ARM64.ActiveCfg = Debug|Any CPU
		{B27ED756-F20A-48F7-BB07-89655B412329}.Ad-Hoc|ARM64.Build.0 = Debug|Any CPU
		{B27ED756-F20A-48F7-BB07-89655B412329}.Ad-Hoc|iPhone.ActiveCfg = Debug|Any CPU
		{B27ED756-F20A-48F7-BB07-89655B412329}.Ad-Hoc|iPhone.Build.0 = Debug|Any CPU
		{B27ED756-F20A-48F7-BB07-89655B412329}.Ad-Hoc|iPhoneSimulator.ActiveCfg = Debug|Any CPU
		{B27ED756-F20A-48F7-BB07-89655B412329}.Ad-Hoc|iPhoneSimulator.Build.0 = Debug|Any CPU
		{B27ED756-F20A-48F7-BB07-89655B412329}.Ad-Hoc|x64.ActiveCfg = Debug|Any CPU
		{B27ED756-F20A-48F7-BB07-89655B412329}.Ad-Hoc|x64.Build.0 = Debug|Any CPU
		{B27ED756-F20A-48F7-BB07-89655B412329}.Ad-Hoc|x86.ActiveCfg = Debug|Any CPU
		{B27ED756-F20A-48F7-BB07-89655B412329}.Ad-Hoc|x86.Build.0 = Debug|Any CPU
		{B27ED756-F20A-48F7-BB07-89655B412329}.AppStore|Any CPU.ActiveCfg = Debug|Any CPU
		{B27ED756-F20A-48F7-BB07-89655B412329}.AppStore|Any CPU.Build.0 = Debug|Any CPU
		{B27ED756-F20A-48F7-BB07-89655B412329}.AppStore|ARM.ActiveCfg = Debug|Any CPU
		{B27ED756-F20A-48F7-BB07-89655B412329}.AppStore|ARM.Build.0 = Debug|Any CPU
		{B27ED756-F20A-48F7-BB07-89655B412329}.AppStore|ARM64.ActiveCfg = Debug|Any CPU
		{B27ED756-F20A-48F7-BB07-89655B412329}.AppStore|ARM64.Build.0 = Debug|Any CPU
		{B27ED756-F20A-48F7-BB07-89655B412329}.AppStore|iPhone.ActiveCfg = Debug|Any CPU
		{B27ED756-F20A-48F7-BB07-89655B412329}.AppStore|iPhone.Build.0 = Debug|Any CPU
		{B27ED756-F20A-48F7-BB07-89655B412329}.AppStore|iPhoneSimulator.ActiveCfg = Debug|Any CPU
		{B27ED756-F20A-48F7-BB07-89655B412329}.AppStore|iPhoneSimulator.Build.0 = Debug|Any CPU
		{B27ED756-F20A-48F7-BB07-89655B412329}.AppStore|x64.ActiveCfg = Debug|Any CPU
		{B27ED756-F20A-48F7-BB07-89655B412329}.AppStore|x64.Build.0 = Debug|Any CPU
		{B27ED756-F20A-48F7-BB07-89655B412329}.AppStore|x86.ActiveCfg = Debug|Any CPU
		{B27ED756-F20A-48F7-BB07-89655B412329}.AppStore|x86.Build.0 = Debug|Any CPU
		{B27ED756-F20A-48F7-BB07-89655B412329}.Debug|Any CPU.ActiveCfg = Debug|Any CPU
		{B27ED756-F20A-48F7-BB07-89655B412329}.Debug|Any CPU.Build.0 = Debug|Any CPU
		{B27ED756-F20A-48F7-BB07-89655B412329}.Debug|Any CPU.Deploy.0 = Debug|Any CPU
		{B27ED756-F20A-48F7-BB07-89655B412329}.Debug|ARM.ActiveCfg = Debug|Any CPU
		{B27ED756-F20A-48F7-BB07-89655B412329}.Debug|ARM.Build.0 = Debug|Any CPU
		{B27ED756-F20A-48F7-BB07-89655B412329}.Debug|ARM64.ActiveCfg = Debug|Any CPU
		{B27ED756-F20A-48F7-BB07-89655B412329}.Debug|ARM64.Build.0 = Debug|Any CPU
		{B27ED756-F20A-48F7-BB07-89655B412329}.Debug|iPhone.ActiveCfg = Debug|Any CPU
		{B27ED756-F20A-48F7-BB07-89655B412329}.Debug|iPhone.Build.0 = Debug|Any CPU
		{B27ED756-F20A-48F7-BB07-89655B412329}.Debug|iPhoneSimulator.ActiveCfg = Debug|Any CPU
		{B27ED756-F20A-48F7-BB07-89655B412329}.Debug|iPhoneSimulator.Build.0 = Debug|Any CPU
		{B27ED756-F20A-48F7-BB07-89655B412329}.Debug|x64.ActiveCfg = Debug|Any CPU
		{B27ED756-F20A-48F7-BB07-89655B412329}.Debug|x64.Build.0 = Debug|Any CPU
		{B27ED756-F20A-48F7-BB07-89655B412329}.Debug|x86.ActiveCfg = Debug|Any CPU
		{B27ED756-F20A-48F7-BB07-89655B412329}.Debug|x86.Build.0 = Debug|Any CPU
		{B27ED756-F20A-48F7-BB07-89655B412329}.Release|Any CPU.ActiveCfg = Release|Any CPU
		{B27ED756-F20A-48F7-BB07-89655B412329}.Release|Any CPU.Build.0 = Release|Any CPU
		{B27ED756-F20A-48F7-BB07-89655B412329}.Release|ARM.ActiveCfg = Release|Any CPU
		{B27ED756-F20A-48F7-BB07-89655B412329}.Release|ARM.Build.0 = Release|Any CPU
		{B27ED756-F20A-48F7-BB07-89655B412329}.Release|ARM64.ActiveCfg = Release|Any CPU
		{B27ED756-F20A-48F7-BB07-89655B412329}.Release|ARM64.Build.0 = Release|Any CPU
		{B27ED756-F20A-48F7-BB07-89655B412329}.Release|iPhone.ActiveCfg = Release|Any CPU
		{B27ED756-F20A-48F7-BB07-89655B412329}.Release|iPhone.Build.0 = Release|Any CPU
		{B27ED756-F20A-48F7-BB07-89655B412329}.Release|iPhoneSimulator.ActiveCfg = Release|Any CPU
		{B27ED756-F20A-48F7-BB07-89655B412329}.Release|iPhoneSimulator.Build.0 = Release|Any CPU
		{B27ED756-F20A-48F7-BB07-89655B412329}.Release|x64.ActiveCfg = Release|Any CPU
		{B27ED756-F20A-48F7-BB07-89655B412329}.Release|x64.Build.0 = Release|Any CPU
		{B27ED756-F20A-48F7-BB07-89655B412329}.Release|x86.ActiveCfg = Release|Any CPU
		{B27ED756-F20A-48F7-BB07-89655B412329}.Release|x86.Build.0 = Release|Any CPU
	EndGlobalSection
	GlobalSection(SolutionProperties) = preSolution
		HideSolutionNode = FALSE
	EndGlobalSection
	GlobalSection(ExtensibilityGlobals) = postSolution
		SolutionGuid = {32D858EF-3C2F-4BBD-A303-CA05755CD544}
	EndGlobalSection
EndGlobal
