
Microsoft Visual Studio Solution File, Format Version 12.00
# Visual Studio Version 17
VisualStudioVersion = 17.0.32126.317
MinimumVisualStudioVersion = 10.0.40219.1
Project("{D954291E-2A0B-460D-934E-DC6B0785DB48}") = "P42.Uno.HardwareKeys.Demo.Shared", "P42.Uno.HardwareKeys.Demo\P42.Uno.HardwareKeys.Demo.Shared\P42.Uno.HardwareKeys.Demo.Shared.shproj", "{6279C845-92F8-4333-AB99-3D213163593C}"
EndProject
Project("{2150E333-8FDC-42A3-9474-1A3956D46DE8}") = "Platforms", "Platforms", "{9511CCB0-FB97-4EF3-8BCA-CF6041D8839B}"
EndProject
Project("{FAE04EC0-301F-11D3-BF4B-00C04F79EFBC}") = "P42.Uno.HardwareKeys.Demo.Wasm", "P42.Uno.HardwareKeys.Demo\P42.Uno.HardwareKeys.Demo.Wasm\P42.Uno.HardwareKeys.Demo.Wasm.csproj", "{E689AC9B-CF38-4E01-83A9-9C720C765881}"
EndProject
Project("{FAE04EC0-301F-11D3-BF4B-00C04F79EFBC}") = "P42.Uno.HardwareKeys", "P42.Uno.HardwareKeys\P42.Uno.HardwareKeys.csproj", "{465C630A-FF10-49CC-BE62-6B46FA692BEA}"
EndProject
Project("{FAE04EC0-301F-11D3-BF4B-00C04F79EFBC}") = "P42.Uno.HardwareKeys.Demo.Mobile", "P42.Uno.HardwareKeys.Demo\P42.Uno.HardwareKeys.Demo.Mobile\P42.Uno.HardwareKeys.Demo.Mobile.csproj", "{B35C59DC-F97F-4755-86D3-3F0ED8D3369D}"
EndProject
Global
	GlobalSection(SharedMSBuildProjectFiles) = preSolution
		P42.Uno.HardwareKeys.Demo\P42.Uno.HardwareKeys.Demo.Shared\P42.Uno.HardwareKeys.Demo.Shared.projitems*{0c89df43-7bd2-406e-ba71-abee801fbc56}*SharedItemsImports = 5
		P42.Uno.HardwareKeys.Demo\P42.Uno.HardwareKeys.Demo.Shared\P42.Uno.HardwareKeys.Demo.Shared.projitems*{26159237-c5dd-4774-aae7-2f37d3beeac4}*SharedItemsImports = 5
		P42.Uno.HardwareKeys.Demo\P42.Uno.HardwareKeys.Demo.Shared\P42.Uno.HardwareKeys.Demo.Shared.projitems*{6279c845-92f8-4333-ab99-3d213163593c}*SharedItemsImports = 13
		P42.Uno.HardwareKeys.Demo\P42.Uno.HardwareKeys.Demo.Shared\P42.Uno.HardwareKeys.Demo.Shared.projitems*{798a638c-672b-463b-a6b2-b4a8af5340ba}*SharedItemsImports = 4
		P42.Uno.HardwareKeys.Demo\P42.Uno.HardwareKeys.Demo.Shared\P42.Uno.HardwareKeys.Demo.Shared.projitems*{aa2c5da1-a8e8-4779-971c-df275750ac35}*SharedItemsImports = 4
		P42.Uno.HardwareKeys.Demo\P42.Uno.HardwareKeys.Demo.Shared\P42.Uno.HardwareKeys.Demo.Shared.projitems*{be67216f-f3ff-4229-aaca-c0495e0a8ca5}*SharedItemsImports = 5
		P42.Uno.HardwareKeys.Demo\P42.Uno.HardwareKeys.Demo.Shared\P42.Uno.HardwareKeys.Demo.Shared.projitems*{d4b857bd-d602-477b-b673-069b624939b6}*SharedItemsImports = 4
		P42.Uno.HardwareKeys.Demo\P42.Uno.HardwareKeys.Demo.Shared\P42.Uno.HardwareKeys.Demo.Shared.projitems*{e689ac9b-cf38-4e01-83a9-9c720c765881}*SharedItemsImports = 5
	EndGlobalSection
	GlobalSection(SolutionConfigurationPlatforms) = preSolution
		Ad-Hoc|Any CPU = Ad-Hoc|Any CPU
		Ad-Hoc|ARM = Ad-Hoc|ARM
		Ad-Hoc|ARM64 = Ad-Hoc|ARM64
		Ad-Hoc|iPhone = Ad-Hoc|iPhone
		Ad-Hoc|iPhoneSimulator = Ad-Hoc|iPhoneSimulator
		Ad-Hoc|x64 = Ad-Hoc|x64
		Ad-Hoc|x86 = Ad-Hoc|x86
		AppStore|Any CPU = AppStore|Any CPU
		AppStore|ARM = AppStore|ARM
		AppStore|ARM64 = AppStore|ARM64
		AppStore|iPhone = AppStore|iPhone
		AppStore|iPhoneSimulator = AppStore|iPhoneSimulator
		AppStore|x64 = AppStore|x64
		AppStore|x86 = AppStore|x86
		Debug|Any CPU = Debug|Any CPU
		Debug|ARM = Debug|ARM
		Debug|ARM64 = Debug|ARM64
		Debug|iPhone = Debug|iPhone
		Debug|iPhoneSimulator = Debug|iPhoneSimulator
		Debug|x64 = Debug|x64
		Debug|x86 = Debug|x86
		Release|Any CPU = Release|Any CPU
		Release|ARM = Release|ARM
		Release|ARM64 = Release|ARM64
		Release|iPhone = Release|iPhone
		Release|iPhoneSimulator = Release|iPhoneSimulator
		Release|x64 = Release|x64
		Release|x86 = Release|x86
	EndGlobalSection
	GlobalSection(ProjectConfigurationPlatforms) = postSolution
		{E689AC9B-CF38-4E01-83A9-9C720C765881}.Ad-Hoc|Any CPU.ActiveCfg = Debug|Any CPU
		{E689AC9B-CF38-4E01-83A9-9C720C765881}.Ad-Hoc|Any CPU.Build.0 = Debug|Any CPU
		{E689AC9B-CF38-4E01-83A9-9C720C765881}.Ad-Hoc|ARM.ActiveCfg = Debug|Any CPU
		{E689AC9B-CF38-4E01-83A9-9C720C765881}.Ad-Hoc|ARM.Build.0 = Debug|Any CPU
		{E689AC9B-CF38-4E01-83A9-9C720C765881}.Ad-Hoc|ARM64.ActiveCfg = Debug|Any CPU
		{E689AC9B-CF38-4E01-83A9-9C720C765881}.Ad-Hoc|ARM64.Build.0 = Debug|Any CPU
		{E689AC9B-CF38-4E01-83A9-9C720C765881}.Ad-Hoc|iPhone.ActiveCfg = Debug|Any CPU
		{E689AC9B-CF38-4E01-83A9-9C720C765881}.Ad-Hoc|iPhone.Build.0 = Debug|Any CPU
		{E689AC9B-CF38-4E01-83A9-9C720C765881}.Ad-Hoc|iPhoneSimulator.ActiveCfg = Debug|Any CPU
		{E689AC9B-CF38-4E01-83A9-9C720C765881}.Ad-Hoc|iPhoneSimulator.Build.0 = Debug|Any CPU
		{E689AC9B-CF38-4E01-83A9-9C720C765881}.Ad-Hoc|x64.ActiveCfg = Debug|Any CPU
		{E689AC9B-CF38-4E01-83A9-9C720C765881}.Ad-Hoc|x64.Build.0 = Debug|Any CPU
		{E689AC9B-CF38-4E01-83A9-9C720C765881}.Ad-Hoc|x86.ActiveCfg = Debug|Any CPU
		{E689AC9B-CF38-4E01-83A9-9C720C765881}.Ad-Hoc|x86.Build.0 = Debug|Any CPU
		{E689AC9B-CF38-4E01-83A9-9C720C765881}.AppStore|Any CPU.ActiveCfg = Debug|Any CPU
		{E689AC9B-CF38-4E01-83A9-9C720C765881}.AppStore|Any CPU.Build.0 = Debug|Any CPU
		{E689AC9B-CF38-4E01-83A9-9C720C765881}.AppStore|ARM.ActiveCfg = Debug|Any CPU
		{E689AC9B-CF38-4E01-83A9-9C720C765881}.AppStore|ARM.Build.0 = Debug|Any CPU
		{E689AC9B-CF38-4E01-83A9-9C720C765881}.AppStore|ARM64.ActiveCfg = Debug|Any CPU
		{E689AC9B-CF38-4E01-83A9-9C720C765881}.AppStore|ARM64.Build.0 = Debug|Any CPU
		{E689AC9B-CF38-4E01-83A9-9C720C765881}.AppStore|iPhone.ActiveCfg = Debug|Any CPU
		{E689AC9B-CF38-4E01-83A9-9C720C765881}.AppStore|iPhone.Build.0 = Debug|Any CPU
		{E689AC9B-CF38-4E01-83A9-9C720C765881}.AppStore|iPhoneSimulator.ActiveCfg = Debug|Any CPU
		{E689AC9B-CF38-4E01-83A9-9C720C765881}.AppStore|iPhoneSimulator.Build.0 = Debug|Any CPU
		{E689AC9B-CF38-4E01-83A9-9C720C765881}.AppStore|x64.ActiveCfg = Debug|Any CPU
		{E689AC9B-CF38-4E01-83A9-9C720C765881}.AppStore|x64.Build.0 = Debug|Any CPU
		{E689AC9B-CF38-4E01-83A9-9C720C765881}.AppStore|x86.ActiveCfg = Debug|Any CPU
		{E689AC9B-CF38-4E01-83A9-9C720C765881}.AppStore|x86.Build.0 = Debug|Any CPU
		{E689AC9B-CF38-4E01-83A9-9C720C765881}.Debug|Any CPU.ActiveCfg = Debug|Any CPU
		{E689AC9B-CF38-4E01-83A9-9C720C765881}.Debug|Any CPU.Build.0 = Debug|Any CPU
		{E689AC9B-CF38-4E01-83A9-9C720C765881}.Debug|ARM.ActiveCfg = Debug|Any CPU
		{E689AC9B-CF38-4E01-83A9-9C720C765881}.Debug|ARM.Build.0 = Debug|Any CPU
		{E689AC9B-CF38-4E01-83A9-9C720C765881}.Debug|ARM64.ActiveCfg = Debug|Any CPU
		{E689AC9B-CF38-4E01-83A9-9C720C765881}.Debug|ARM64.Build.0 = Debug|Any CPU
		{E689AC9B-CF38-4E01-83A9-9C720C765881}.Debug|iPhone.ActiveCfg = Debug|Any CPU
		{E689AC9B-CF38-4E01-83A9-9C720C765881}.Debug|iPhone.Build.0 = Debug|Any CPU
		{E689AC9B-CF38-4E01-83A9-9C720C765881}.Debug|iPhoneSimulator.ActiveCfg = Debug|Any CPU
		{E689AC9B-CF38-4E01-83A9-9C720C765881}.Debug|iPhoneSimulator.Build.0 = Debug|Any CPU
		{E689AC9B-CF38-4E01-83A9-9C720C765881}.Debug|x64.ActiveCfg = Debug|Any CPU
		{E689AC9B-CF38-4E01-83A9-9C720C765881}.Debug|x64.Build.0 = Debug|Any CPU
		{E689AC9B-CF38-4E01-83A9-9C720C765881}.Debug|x86.ActiveCfg = Debug|Any CPU
		{E689AC9B-CF38-4E01-83A9-9C720C765881}.Debug|x86.Build.0 = Debug|Any CPU
		{E689AC9B-CF38-4E01-83A9-9C720C765881}.Release|Any CPU.ActiveCfg = Release|Any CPU
		{E689AC9B-CF38-4E01-83A9-9C720C765881}.Release|Any CPU.Build.0 = Release|Any CPU
		{E689AC9B-CF38-4E01-83A9-9C720C765881}.Release|ARM.ActiveCfg = Release|Any CPU
		{E689AC9B-CF38-4E01-83A9-9C720C765881}.Release|ARM.Build.0 = Release|Any CPU
		{E689AC9B-CF38-4E01-83A9-9C720C765881}.Release|ARM64.ActiveCfg = Release|Any CPU
		{E689AC9B-CF38-4E01-83A9-9C720C765881}.Release|ARM64.Build.0 = Release|Any CPU
		{E689AC9B-CF38-4E01-83A9-9C720C765881}.Release|iPhone.ActiveCfg = Release|Any CPU
		{E689AC9B-CF38-4E01-83A9-9C720C765881}.Release|iPhone.Build.0 = Release|Any CPU
		{E689AC9B-CF38-4E01-83A9-9C720C765881}.Release|iPhoneSimulator.ActiveCfg = Release|Any CPU
		{E689AC9B-CF38-4E01-83A9-9C720C765881}.Release|iPhoneSimulator.Build.0 = Release|Any CPU
		{E689AC9B-CF38-4E01-83A9-9C720C765881}.Release|x64.ActiveCfg = Release|Any CPU
		{E689AC9B-CF38-4E01-83A9-9C720C765881}.Release|x64.Build.0 = Release|Any CPU
		{E689AC9B-CF38-4E01-83A9-9C720C765881}.Release|x86.ActiveCfg = Release|Any CPU
		{E689AC9B-CF38-4E01-83A9-9C720C765881}.Release|x86.Build.0 = Release|Any CPU
		{465C630A-FF10-49CC-BE62-6B46FA692BEA}.Ad-Hoc|Any CPU.ActiveCfg = Debug|Any CPU
		{465C630A-FF10-49CC-BE62-6B46FA692BEA}.Ad-Hoc|Any CPU.Build.0 = Debug|Any CPU
		{465C630A-FF10-49CC-BE62-6B46FA692BEA}.Ad-Hoc|ARM.ActiveCfg = Debug|Any CPU
		{465C630A-FF10-49CC-BE62-6B46FA692BEA}.Ad-Hoc|ARM.Build.0 = Debug|Any CPU
		{465C630A-FF10-49CC-BE62-6B46FA692BEA}.Ad-Hoc|ARM64.ActiveCfg = Debug|Any CPU
		{465C630A-FF10-49CC-BE62-6B46FA692BEA}.Ad-Hoc|ARM64.Build.0 = Debug|Any CPU
		{465C630A-FF10-49CC-BE62-6B46FA692BEA}.Ad-Hoc|iPhone.ActiveCfg = Debug|Any CPU
		{465C630A-FF10-49CC-BE62-6B46FA692BEA}.Ad-Hoc|iPhone.Build.0 = Debug|Any CPU
		{465C630A-FF10-49CC-BE62-6B46FA692BEA}.Ad-Hoc|iPhoneSimulator.ActiveCfg = Debug|Any CPU
		{465C630A-FF10-49CC-BE62-6B46FA692BEA}.Ad-Hoc|iPhoneSimulator.Build.0 = Debug|Any CPU
		{465C630A-FF10-49CC-BE62-6B46FA692BEA}.Ad-Hoc|x64.ActiveCfg = Debug|Any CPU
		{465C630A-FF10-49CC-BE62-6B46FA692BEA}.Ad-Hoc|x64.Build.0 = Debug|Any CPU
		{465C630A-FF10-49CC-BE62-6B46FA692BEA}.Ad-Hoc|x86.ActiveCfg = Debug|Any CPU
		{465C630A-FF10-49CC-BE62-6B46FA692BEA}.Ad-Hoc|x86.Build.0 = Debug|Any CPU
		{465C630A-FF10-49CC-BE62-6B46FA692BEA}.AppStore|Any CPU.ActiveCfg = Debug|Any CPU
		{465C630A-FF10-49CC-BE62-6B46FA692BEA}.AppStore|Any CPU.Build.0 = Debug|Any CPU
		{465C630A-FF10-49CC-BE62-6B46FA692BEA}.AppStore|ARM.ActiveCfg = Debug|Any CPU
		{465C630A-FF10-49CC-BE62-6B46FA692BEA}.AppStore|ARM.Build.0 = Debug|Any CPU
		{465C630A-FF10-49CC-BE62-6B46FA692BEA}.AppStore|ARM64.ActiveCfg = Debug|Any CPU
		{465C630A-FF10-49CC-BE62-6B46FA692BEA}.AppStore|ARM64.Build.0 = Debug|Any CPU
		{465C630A-FF10-49CC-BE62-6B46FA692BEA}.AppStore|iPhone.ActiveCfg = Debug|Any CPU
		{465C630A-FF10-49CC-BE62-6B46FA692BEA}.AppStore|iPhone.Build.0 = Debug|Any CPU
		{465C630A-FF10-49CC-BE62-6B46FA692BEA}.AppStore|iPhoneSimulator.ActiveCfg = Debug|Any CPU
		{465C630A-FF10-49CC-BE62-6B46FA692BEA}.AppStore|iPhoneSimulator.Build.0 = Debug|Any CPU
		{465C630A-FF10-49CC-BE62-6B46FA692BEA}.AppStore|x64.ActiveCfg = Debug|Any CPU
		{465C630A-FF10-49CC-BE62-6B46FA692BEA}.AppStore|x64.Build.0 = Debug|Any CPU
		{465C630A-FF10-49CC-BE62-6B46FA692BEA}.AppStore|x86.ActiveCfg = Debug|Any CPU
		{465C630A-FF10-49CC-BE62-6B46FA692BEA}.AppStore|x86.Build.0 = Debug|Any CPU
		{465C630A-FF10-49CC-BE62-6B46FA692BEA}.Debug|Any CPU.ActiveCfg = Debug|Any CPU
		{465C630A-FF10-49CC-BE62-6B46FA692BEA}.Debug|Any CPU.Build.0 = Debug|Any CPU
		{465C630A-FF10-49CC-BE62-6B46FA692BEA}.Debug|ARM.ActiveCfg = Debug|Any CPU
		{465C630A-FF10-49CC-BE62-6B46FA692BEA}.Debug|ARM.Build.0 = Debug|Any CPU
		{465C630A-FF10-49CC-BE62-6B46FA692BEA}.Debug|ARM64.ActiveCfg = Debug|Any CPU
		{465C630A-FF10-49CC-BE62-6B46FA692BEA}.Debug|ARM64.Build.0 = Debug|Any CPU
		{465C630A-FF10-49CC-BE62-6B46FA692BEA}.Debug|iPhone.ActiveCfg = Debug|Any CPU
		{465C630A-FF10-49CC-BE62-6B46FA692BEA}.Debug|iPhone.Build.0 = Debug|Any CPU
		{465C630A-FF10-49CC-BE62-6B46FA692BEA}.Debug|iPhoneSimulator.ActiveCfg = Debug|Any CPU
		{465C630A-FF10-49CC-BE62-6B46FA692BEA}.Debug|iPhoneSimulator.Build.0 = Debug|Any CPU
		{465C630A-FF10-49CC-BE62-6B46FA692BEA}.Debug|x64.ActiveCfg = Debug|Any CPU
		{465C630A-FF10-49CC-BE62-6B46FA692BEA}.Debug|x64.Build.0 = Debug|Any CPU
		{465C630A-FF10-49CC-BE62-6B46FA692BEA}.Debug|x86.ActiveCfg = Debug|Any CPU
		{465C630A-FF10-49CC-BE62-6B46FA692BEA}.Debug|x86.Build.0 = Debug|Any CPU
		{465C630A-FF10-49CC-BE62-6B46FA692BEA}.Release|Any CPU.ActiveCfg = Release|Any CPU
		{465C630A-FF10-49CC-BE62-6B46FA692BEA}.Release|Any CPU.Build.0 = Release|Any CPU
		{465C630A-FF10-49CC-BE62-6B46FA692BEA}.Release|ARM.ActiveCfg = Release|Any CPU
		{465C630A-FF10-49CC-BE62-6B46FA692BEA}.Release|ARM.Build.0 = Release|Any CPU
		{465C630A-FF10-49CC-BE62-6B46FA692BEA}.Release|ARM64.ActiveCfg = Release|Any CPU
		{465C630A-FF10-49CC-BE62-6B46FA692BEA}.Release|ARM64.Build.0 = Release|Any CPU
		{465C630A-FF10-49CC-BE62-6B46FA692BEA}.Release|iPhone.ActiveCfg = Release|Any CPU
		{465C630A-FF10-49CC-BE62-6B46FA692BEA}.Release|iPhone.Build.0 = Release|Any CPU
		{465C630A-FF10-49CC-BE62-6B46FA692BEA}.Release|iPhoneSimulator.ActiveCfg = Release|Any CPU
		{465C630A-FF10-49CC-BE62-6B46FA692BEA}.Release|iPhoneSimulator.Build.0 = Release|Any CPU
		{465C630A-FF10-49CC-BE62-6B46FA692BEA}.Release|x64.ActiveCfg = Release|Any CPU
		{465C630A-FF10-49CC-BE62-6B46FA692BEA}.Release|x64.Build.0 = Release|Any CPU
		{465C630A-FF10-49CC-BE62-6B46FA692BEA}.Release|x86.ActiveCfg = Release|Any CPU
		{465C630A-FF10-49CC-BE62-6B46FA692BEA}.Release|x86.Build.0 = Release|Any CPU
		{B35C59DC-F97F-4755-86D3-3F0ED8D3369D}.Ad-Hoc|Any CPU.ActiveCfg = Debug|Any CPU
		{B35C59DC-F97F-4755-86D3-3F0ED8D3369D}.Ad-Hoc|Any CPU.Build.0 = Debug|Any CPU
		{B35C59DC-F97F-4755-86D3-3F0ED8D3369D}.Ad-Hoc|ARM.ActiveCfg = Debug|Any CPU
		{B35C59DC-F97F-4755-86D3-3F0ED8D3369D}.Ad-Hoc|ARM.Build.0 = Debug|Any CPU
		{B35C59DC-F97F-4755-86D3-3F0ED8D3369D}.Ad-Hoc|ARM64.ActiveCfg = Debug|Any CPU
		{B35C59DC-F97F-4755-86D3-3F0ED8D3369D}.Ad-Hoc|ARM64.Build.0 = Debug|Any CPU
		{B35C59DC-F97F-4755-86D3-3F0ED8D3369D}.Ad-Hoc|iPhone.ActiveCfg = Debug|Any CPU
		{B35C59DC-F97F-4755-86D3-3F0ED8D3369D}.Ad-Hoc|iPhone.Build.0 = Debug|Any CPU
		{B35C59DC-F97F-4755-86D3-3F0ED8D3369D}.Ad-Hoc|iPhoneSimulator.ActiveCfg = Debug|Any CPU
		{B35C59DC-F97F-4755-86D3-3F0ED8D3369D}.Ad-Hoc|iPhoneSimulator.Build.0 = Debug|Any CPU
		{B35C59DC-F97F-4755-86D3-3F0ED8D3369D}.Ad-Hoc|x64.ActiveCfg = Debug|Any CPU
		{B35C59DC-F97F-4755-86D3-3F0ED8D3369D}.Ad-Hoc|x64.Build.0 = Debug|Any CPU
		{B35C59DC-F97F-4755-86D3-3F0ED8D3369D}.Ad-Hoc|x86.ActiveCfg = Debug|Any CPU
		{B35C59DC-F97F-4755-86D3-3F0ED8D3369D}.Ad-Hoc|x86.Build.0 = Debug|Any CPU
		{B35C59DC-F97F-4755-86D3-3F0ED8D3369D}.AppStore|Any CPU.ActiveCfg = Debug|Any CPU
		{B35C59DC-F97F-4755-86D3-3F0ED8D3369D}.AppStore|Any CPU.Build.0 = Debug|Any CPU
		{B35C59DC-F97F-4755-86D3-3F0ED8D3369D}.AppStore|ARM.ActiveCfg = Debug|Any CPU
		{B35C59DC-F97F-4755-86D3-3F0ED8D3369D}.AppStore|ARM.Build.0 = Debug|Any CPU
		{B35C59DC-F97F-4755-86D3-3F0ED8D3369D}.AppStore|ARM64.ActiveCfg = Debug|Any CPU
		{B35C59DC-F97F-4755-86D3-3F0ED8D3369D}.AppStore|ARM64.Build.0 = Debug|Any CPU
		{B35C59DC-F97F-4755-86D3-3F0ED8D3369D}.AppStore|iPhone.ActiveCfg = Debug|Any CPU
		{B35C59DC-F97F-4755-86D3-3F0ED8D3369D}.AppStore|iPhone.Build.0 = Debug|Any CPU
		{B35C59DC-F97F-4755-86D3-3F0ED8D3369D}.AppStore|iPhoneSimulator.ActiveCfg = Debug|Any CPU
		{B35C59DC-F97F-4755-86D3-3F0ED8D3369D}.AppStore|iPhoneSimulator.Build.0 = Debug|Any CPU
		{B35C59DC-F97F-4755-86D3-3F0ED8D3369D}.AppStore|x64.ActiveCfg = Debug|Any CPU
		{B35C59DC-F97F-4755-86D3-3F0ED8D3369D}.AppStore|x64.Build.0 = Debug|Any CPU
		{B35C59DC-F97F-4755-86D3-3F0ED8D3369D}.AppStore|x86.ActiveCfg = Debug|Any CPU
		{B35C59DC-F97F-4755-86D3-3F0ED8D3369D}.AppStore|x86.Build.0 = Debug|Any CPU
		{B35C59DC-F97F-4755-86D3-3F0ED8D3369D}.Debug|Any CPU.ActiveCfg = Debug|Any CPU
		{B35C59DC-F97F-4755-86D3-3F0ED8D3369D}.Debug|Any CPU.Build.0 = Debug|Any CPU
		{B35C59DC-F97F-4755-86D3-3F0ED8D3369D}.Debug|ARM.ActiveCfg = Debug|Any CPU
		{B35C59DC-F97F-4755-86D3-3F0ED8D3369D}.Debug|ARM.Build.0 = Debug|Any CPU
		{B35C59DC-F97F-4755-86D3-3F0ED8D3369D}.Debug|ARM64.ActiveCfg = Debug|Any CPU
		{B35C59DC-F97F-4755-86D3-3F0ED8D3369D}.Debug|ARM64.Build.0 = Debug|Any CPU
		{B35C59DC-F97F-4755-86D3-3F0ED8D3369D}.Debug|iPhone.ActiveCfg = Debug|Any CPU
		{B35C59DC-F97F-4755-86D3-3F0ED8D3369D}.Debug|iPhone.Build.0 = Debug|Any CPU
		{B35C59DC-F97F-4755-86D3-3F0ED8D3369D}.Debug|iPhoneSimulator.ActiveCfg = Debug|Any CPU
		{B35C59DC-F97F-4755-86D3-3F0ED8D3369D}.Debug|iPhoneSimulator.Build.0 = Debug|Any CPU
		{B35C59DC-F97F-4755-86D3-3F0ED8D3369D}.Debug|x64.ActiveCfg = Debug|Any CPU
		{B35C59DC-F97F-4755-86D3-3F0ED8D3369D}.Debug|x64.Build.0 = Debug|Any CPU
		{B35C59DC-F97F-4755-86D3-3F0ED8D3369D}.Debug|x86.ActiveCfg = Debug|Any CPU
		{B35C59DC-F97F-4755-86D3-3F0ED8D3369D}.Debug|x86.Build.0 = Debug|Any CPU
		{B35C59DC-F97F-4755-86D3-3F0ED8D3369D}.Release|Any CPU.ActiveCfg = Release|Any CPU
		{B35C59DC-F97F-4755-86D3-3F0ED8D3369D}.Release|Any CPU.Build.0 = Release|Any CPU
		{B35C59DC-F97F-4755-86D3-3F0ED8D3369D}.Release|ARM.ActiveCfg = Release|Any CPU
		{B35C59DC-F97F-4755-86D3-3F0ED8D3369D}.Release|ARM.Build.0 = Release|Any CPU
		{B35C59DC-F97F-4755-86D3-3F0ED8D3369D}.Release|ARM64.ActiveCfg = Release|Any CPU
		{B35C59DC-F97F-4755-86D3-3F0ED8D3369D}.Release|ARM64.Build.0 = Release|Any CPU
		{B35C59DC-F97F-4755-86D3-3F0ED8D3369D}.Release|iPhone.ActiveCfg = Release|Any CPU
		{B35C59DC-F97F-4755-86D3-3F0ED8D3369D}.Release|iPhone.Build.0 = Release|Any CPU
		{B35C59DC-F97F-4755-86D3-3F0ED8D3369D}.Release|iPhoneSimulator.ActiveCfg = Release|Any CPU
		{B35C59DC-F97F-4755-86D3-3F0ED8D3369D}.Release|iPhoneSimulator.Build.0 = Release|Any CPU
		{B35C59DC-F97F-4755-86D3-3F0ED8D3369D}.Release|x64.ActiveCfg = Release|Any CPU
		{B35C59DC-F97F-4755-86D3-3F0ED8D3369D}.Release|x64.Build.0 = Release|Any CPU
		{B35C59DC-F97F-4755-86D3-3F0ED8D3369D}.Release|x86.ActiveCfg = Release|Any CPU
		{B35C59DC-F97F-4755-86D3-3F0ED8D3369D}.Release|x86.Build.0 = Release|Any CPU
	EndGlobalSection
	GlobalSection(SolutionProperties) = preSolution
		HideSolutionNode = FALSE
	EndGlobalSection
	GlobalSection(NestedProjects) = preSolution
		{E689AC9B-CF38-4E01-83A9-9C720C765881} = {9511CCB0-FB97-4EF3-8BCA-CF6041D8839B}
		{B35C59DC-F97F-4755-86D3-3F0ED8D3369D} = {9511CCB0-FB97-4EF3-8BCA-CF6041D8839B}
	EndGlobalSection
	GlobalSection(ExtensibilityGlobals) = postSolution
		SolutionGuid = {32D858EF-3C2F-4BBD-A303-CA05755CD544}
	EndGlobalSection
EndGlobal
